
Microsoft Visual Studio Solution File, Format Version 12.00
# Visual Studio Version 17
VisualStudioVersion = 17.0.31903.59
MinimumVisualStudioVersion = 10.0.40219.1
Project("{FAE04EC0-301F-11D3-BF4B-00C04F79EFBC}") = "Day5.Logic", "Day5.Logic\Day5.Logic.csproj", "{0EDD6F21-83B8-4A9B-A9BF-EF8AF78F55CD}"
EndProject
Project("{FAE04EC0-301F-11D3-BF4B-00C04F79EFBC}") = "Day5.UnitTests", "Day5.UnitTests\Day5.UnitTests.csproj", "{DFE538BA-8D8F-499F-80F5-8B4B0B21BA2C}"
EndProject
Global
	GlobalSection(SolutionConfigurationPlatforms) = preSolution
		Debug|Any CPU = Debug|Any CPU
		Release|Any CPU = Release|Any CPU
	EndGlobalSection
	GlobalSection(SolutionProperties) = preSolution
		HideSolutionNode = FALSE
	EndGlobalSection
	GlobalSection(ProjectConfigurationPlatforms) = postSolution
		{0EDD6F21-83B8-4A9B-A9BF-EF8AF78F55CD}.Debug|Any CPU.ActiveCfg = Debug|Any CPU
		{0EDD6F21-83B8-4A9B-A9BF-EF8AF78F55CD}.Debug|Any CPU.Build.0 = Debug|Any CPU
		{0EDD6F21-83B8-4A9B-A9BF-EF8AF78F55CD}.Release|Any CPU.ActiveCfg = Release|Any CPU
		{0EDD6F21-83B8-4A9B-A9BF-EF8AF78F55CD}.Release|Any CPU.Build.0 = Release|Any CPU
		{DFE538BA-8D8F-499F-80F5-8B4B0B21BA2C}.Debug|Any CPU.ActiveCfg = Debug|Any CPU
		{DFE538BA-8D8F-499F-80F5-8B4B0B21BA2C}.Debug|Any CPU.Build.0 = Debug|Any CPU
		{DFE538BA-8D8F-499F-80F5-8B4B0B21BA2C}.Release|Any CPU.ActiveCfg = Release|Any CPU
		{DFE538BA-8D8F-499F-80F5-8B4B0B21BA2C}.Release|Any CPU.Build.0 = Release|Any CPU
	EndGlobalSection
EndGlobal
