
Microsoft Visual Studio Solution File, Format Version 12.00
# Visual Studio Version 17
VisualStudioVersion = 17.0.31903.59
MinimumVisualStudioVersion = 10.0.40219.1
Project("{FAE04EC0-301F-11D3-BF4B-00C04F79EFBC}") = "Day20.Logic", "Day20.Logic\Day20.Logic.csproj", "{60ED19B8-D580-4336-A3EF-A35EC6DBFEA0}"
EndProject
Project("{FAE04EC0-301F-11D3-BF4B-00C04F79EFBC}") = "Day20.UnitTests", "Day20.UnitTests\Day20.UnitTests.csproj", "{AA8CB09B-E627-42D5-AB9B-9F225B6A9263}"
EndProject
Global
	GlobalSection(SolutionConfigurationPlatforms) = preSolution
		Debug|Any CPU = Debug|Any CPU
		Release|Any CPU = Release|Any CPU
	EndGlobalSection
	GlobalSection(SolutionProperties) = preSolution
		HideSolutionNode = FALSE
	EndGlobalSection
	GlobalSection(ProjectConfigurationPlatforms) = postSolution
		{60ED19B8-D580-4336-A3EF-A35EC6DBFEA0}.Debug|Any CPU.ActiveCfg = Debug|Any CPU
		{60ED19B8-D580-4336-A3EF-A35EC6DBFEA0}.Debug|Any CPU.Build.0 = Debug|Any CPU
		{60ED19B8-D580-4336-A3EF-A35EC6DBFEA0}.Release|Any CPU.ActiveCfg = Release|Any CPU
		{60ED19B8-D580-4336-A3EF-A35EC6DBFEA0}.Release|Any CPU.Build.0 = Release|Any CPU
		{AA8CB09B-E627-42D5-AB9B-9F225B6A9263}.Debug|Any CPU.ActiveCfg = Debug|Any CPU
		{AA8CB09B-E627-42D5-AB9B-9F225B6A9263}.Debug|Any CPU.Build.0 = Debug|Any CPU
		{AA8CB09B-E627-42D5-AB9B-9F225B6A9263}.Release|Any CPU.ActiveCfg = Release|Any CPU
		{AA8CB09B-E627-42D5-AB9B-9F225B6A9263}.Release|Any CPU.Build.0 = Release|Any CPU
	EndGlobalSection
EndGlobal
