
Microsoft Visual Studio Solution File, Format Version 12.00
# Visual Studio Version 17
VisualStudioVersion = 17.0.31903.59
MinimumVisualStudioVersion = 10.0.40219.1
Project("{2150E333-8FDC-42A3-9474-1A3956D46DE8}") = "Day1", "Day1", "{2A86911A-66D4-4018-934E-439666F43F87}"
EndProject
Project("{FAE04EC0-301F-11D3-BF4B-00C04F79EFBC}") = "Day1.Logic", "Day1\Day1.Logic\Day1.Logic.csproj", "{842185A1-ED25-47B8-A2EF-B571EFB96663}"
EndProject
Project("{FAE04EC0-301F-11D3-BF4B-00C04F79EFBC}") = "Day1.UnitTests", "Day1\Day1.UnitTests\Day1.UnitTests.csproj", "{45C12093-13A2-4789-B475-F28023B369CF}"
EndProject
Project("{2150E333-8FDC-42A3-9474-1A3956D46DE8}") = "Day2", "Day2", "{30C05C4F-82EA-4FC1-85AD-FD680853B1F6}"
EndProject
Project("{FAE04EC0-301F-11D3-BF4B-00C04F79EFBC}") = "Day2.Logic", "Day2\Day2.Logic\Day2.Logic.csproj", "{B9F154E6-AB2D-4F78-B944-B952E96F68A9}"
EndProject
Project("{FAE04EC0-301F-11D3-BF4B-00C04F79EFBC}") = "Day2.UnitTests", "Day2\Day2.UnitTests\Day2.UnitTests.csproj", "{2F3CF6B1-CC1E-4D1D-916F-49A96DF24B94}"
EndProject
Project("{2150E333-8FDC-42A3-9474-1A3956D46DE8}") = "Day3", "Day3", "{DBDB9B0E-2D7F-49C9-B24A-7D7718DA7BEC}"
EndProject
Project("{FAE04EC0-301F-11D3-BF4B-00C04F79EFBC}") = "Day3.Logic", "Day3\Day3.Logic\Day3.Logic.csproj", "{F3C8C0BD-7344-4025-9628-F6D8667DAE8B}"
EndProject
Project("{FAE04EC0-301F-11D3-BF4B-00C04F79EFBC}") = "Day3.UnitTests", "Day3\Day3.UnitTests\Day3.UnitTests.csproj", "{00445855-21C7-4CB5-BF77-52C25ECFC347}"
EndProject
Project("{2150E333-8FDC-42A3-9474-1A3956D46DE8}") = "Day4", "Day4", "{4AD96BEA-03D9-4B39-AD81-5EC64003476F}"
EndProject
Project("{FAE04EC0-301F-11D3-BF4B-00C04F79EFBC}") = "Day4.Logic", "Day4\Day4.Logic\Day4.Logic.csproj", "{45E7B349-63C2-4373-88C7-9975EE4BE335}"
EndProject
Project("{FAE04EC0-301F-11D3-BF4B-00C04F79EFBC}") = "Day4.UnitTests", "Day4\Day4.UnitTests\Day4.UnitTests.csproj", "{58D5F15D-80FD-426B-808F-DFBD74D04D0E}"
EndProject
Project("{2150E333-8FDC-42A3-9474-1A3956D46DE8}") = "Day5", "Day5", "{1E6FDB04-7A21-4032-AAE2-15878D0E9907}"
EndProject
Project("{FAE04EC0-301F-11D3-BF4B-00C04F79EFBC}") = "Day5.Logic", "Day5\Day5.Logic\Day5.Logic.csproj", "{60CC9B83-848D-4B27-AC7F-F4ECF034E453}"
EndProject
Project("{FAE04EC0-301F-11D3-BF4B-00C04F79EFBC}") = "Day5.UnitTests", "Day5\Day5.UnitTests\Day5.UnitTests.csproj", "{60942D45-5E8E-4E13-872B-1896208E3B2E}"
EndProject
Project("{2150E333-8FDC-42A3-9474-1A3956D46DE8}") = "Day6", "Day6", "{BCC05E9E-02E7-4566-9C82-46C463A744C2}"
EndProject
Project("{FAE04EC0-301F-11D3-BF4B-00C04F79EFBC}") = "Day6.Logic", "Day6\Day6.Logic\Day6.Logic.csproj", "{5B555BD9-5727-4CC6-80F4-E74210D22B26}"
EndProject
Project("{FAE04EC0-301F-11D3-BF4B-00C04F79EFBC}") = "Day6.UnitTests", "Day6\Day6.UnitTests\Day6.UnitTests.csproj", "{08B79DDC-9848-4E21-B077-8DBD4EC725A3}"
EndProject
Project("{2150E333-8FDC-42A3-9474-1A3956D46DE8}") = "Day7", "Day7", "{93032289-A329-4C77-8F14-907E60E0876B}"
EndProject
Project("{FAE04EC0-301F-11D3-BF4B-00C04F79EFBC}") = "Day7.Logic", "Day7\Day7.Logic\Day7.Logic.csproj", "{B8F2E2A7-55F0-4EF2-AE15-A03A0FFAF187}"
EndProject
Project("{FAE04EC0-301F-11D3-BF4B-00C04F79EFBC}") = "Day7.UnitTests", "Day7\Day7.UnitTests\Day7.UnitTests.csproj", "{DDA583C9-E044-432E-9A05-7262012CD1A8}"
EndProject
Project("{2150E333-8FDC-42A3-9474-1A3956D46DE8}") = "Day8", "Day8", "{D5C7BE02-B383-4CA7-B222-4C6168B83B42}"
EndProject
Project("{FAE04EC0-301F-11D3-BF4B-00C04F79EFBC}") = "Day8.Logic", "Day8\Day8.Logic\Day8.Logic.csproj", "{BCC6ED59-54B6-4884-ABB9-311F4B9AB82B}"
EndProject
Project("{FAE04EC0-301F-11D3-BF4B-00C04F79EFBC}") = "Day8.UnitTests", "Day8\Day8.UnitTests\Day8.UnitTests.csproj", "{A8115ED0-A939-485C-8B67-7F1AF5D3465A}"
EndProject
Project("{2150E333-8FDC-42A3-9474-1A3956D46DE8}") = "Day9", "Day9", "{E4791AF6-4DC0-472D-B41C-C08559C19652}"
EndProject
Project("{FAE04EC0-301F-11D3-BF4B-00C04F79EFBC}") = "Day9.Logic", "Day9\Day9.Logic\Day9.Logic.csproj", "{08E694DA-5818-412F-BBFF-02F8B981B70C}"
EndProject
Project("{FAE04EC0-301F-11D3-BF4B-00C04F79EFBC}") = "Day9.UnitTests", "Day9\Day9.UnitTests\Day9.UnitTests.csproj", "{BCF21228-139A-41F1-A886-85EEDDA440B2}"
EndProject
Project("{2150E333-8FDC-42A3-9474-1A3956D46DE8}") = "Day10", "Day10", "{BD09E1D9-BF1A-4ABD-8D86-8B87BF3EFF2C}"
EndProject
Project("{FAE04EC0-301F-11D3-BF4B-00C04F79EFBC}") = "Day10.Logic", "Day10\Day10.Logic\Day10.Logic.csproj", "{47F0AECE-F554-487E-BB43-416A6D601570}"
EndProject
Project("{FAE04EC0-301F-11D3-BF4B-00C04F79EFBC}") = "Day10.UnitTests", "Day10\Day10.UnitTests\Day10.UnitTests.csproj", "{E6BDDA29-48A0-4FB1-B6E4-8C84A3AD7CDC}"
EndProject
Project("{2150E333-8FDC-42A3-9474-1A3956D46DE8}") = "Day11", "Day11", "{7F4047B3-6E77-4023-986B-C79AC50C9259}"
EndProject
Project("{FAE04EC0-301F-11D3-BF4B-00C04F79EFBC}") = "Day11.Logic", "Day11\Day11.Logic\Day11.Logic.csproj", "{3BA388C4-BA5C-4589-8F75-A1DDD3093F94}"
EndProject
Project("{FAE04EC0-301F-11D3-BF4B-00C04F79EFBC}") = "Day11.UnitTests", "Day11\Day11.UnitTests\Day11.UnitTests.csproj", "{278227DC-D30D-4324-B86E-79D0997EE5EF}"
EndProject
Project("{2150E333-8FDC-42A3-9474-1A3956D46DE8}") = "Day12", "Day12", "{092AE56C-A08A-4A6A-9AD4-48DBAA1C5876}"
EndProject
Project("{FAE04EC0-301F-11D3-BF4B-00C04F79EFBC}") = "Day12.Logic", "Day12\Day12.Logic\Day12.Logic.csproj", "{612B77C5-13F6-4150-B7A4-3D432E955303}"
EndProject
Project("{FAE04EC0-301F-11D3-BF4B-00C04F79EFBC}") = "Day12.UnitTests", "Day12\Day12.UnitTests\Day12.UnitTests.csproj", "{4D58609C-7572-4BF9-A86C-0DBF5D921834}"
EndProject
Project("{2150E333-8FDC-42A3-9474-1A3956D46DE8}") = "Day13", "Day13", "{3F2532EF-D7BD-48D3-9998-47F3B156A701}"
EndProject
Project("{FAE04EC0-301F-11D3-BF4B-00C04F79EFBC}") = "Day13.Logic", "Day13\Day13.Logic\Day13.Logic.csproj", "{C0760E04-9F50-469D-BA11-72A732623227}"
EndProject
Project("{FAE04EC0-301F-11D3-BF4B-00C04F79EFBC}") = "Day13.UnitTests", "Day13\Day13.UnitTests\Day13.UnitTests.csproj", "{FE3CADAF-AB06-4C14-977F-FB4E64FA7F98}"
EndProject
Project("{2150E333-8FDC-42A3-9474-1A3956D46DE8}") = "Day14", "Day14", "{C992394F-6C7F-4C36-83AE-7B52F1057B52}"
EndProject
Project("{FAE04EC0-301F-11D3-BF4B-00C04F79EFBC}") = "Day14.Logic", "Day14\Day14.Logic\Day14.Logic.csproj", "{6FE6D083-2AD0-4075-BB7E-7D3B32B876A5}"
EndProject
Project("{FAE04EC0-301F-11D3-BF4B-00C04F79EFBC}") = "Day14.UnitTests", "Day14\Day14.UnitTests\Day14.UnitTests.csproj", "{F31D723B-76D4-417B-A4C1-3BA646618FE2}"
EndProject
Project("{2150E333-8FDC-42A3-9474-1A3956D46DE8}") = "Day15", "Day15", "{012391BC-3541-46AD-ADFF-7DE464561B85}"
EndProject
Project("{FAE04EC0-301F-11D3-BF4B-00C04F79EFBC}") = "Day15.Logic", "Day15\Day15.Logic\Day15.Logic.csproj", "{F49BFF79-004D-47D4-B37A-F9CB0530BD3C}"
EndProject
Project("{FAE04EC0-301F-11D3-BF4B-00C04F79EFBC}") = "Day15.UnitTests", "Day15\Day15.UnitTests\Day15.UnitTests.csproj", "{A33925D6-4A22-4E90-BC45-C21A7AC9B9F1}"
EndProject
Project("{2150E333-8FDC-42A3-9474-1A3956D46DE8}") = "Day16", "Day16", "{8C8B768F-4A1B-4EE9-AE07-76A6C8525AFC}"
EndProject
Project("{FAE04EC0-301F-11D3-BF4B-00C04F79EFBC}") = "Day16.Logic", "Day16\Day16.Logic\Day16.Logic.csproj", "{5D5BB214-E89D-4D88-AF6F-1CCBB821AB03}"
EndProject
Project("{FAE04EC0-301F-11D3-BF4B-00C04F79EFBC}") = "Day16.UnitTests", "Day16\Day16.UnitTests\Day16.UnitTests.csproj", "{8ED837FA-493B-4C16-84BC-DD4F804AF945}"
EndProject
Project("{2150E333-8FDC-42A3-9474-1A3956D46DE8}") = "Day17", "Day17", "{465960C7-07C3-4175-A13E-625D28C1AF66}"
EndProject
Project("{FAE04EC0-301F-11D3-BF4B-00C04F79EFBC}") = "Day17.Logic", "Day17\Day17.Logic\Day17.Logic.csproj", "{92E8EBAF-B960-427E-8E32-334701203AC4}"
EndProject
Project("{FAE04EC0-301F-11D3-BF4B-00C04F79EFBC}") = "Day17.UnitTests", "Day17\Day17.UnitTests\Day17.UnitTests.csproj", "{280B70FB-B9F9-4DF2-A160-6DC8928D378D}"
EndProject
Project("{2150E333-8FDC-42A3-9474-1A3956D46DE8}") = "Day18", "Day18", "{5B3EBDA9-9E50-4074-9F32-42F7CEF9D80B}"
EndProject
Project("{FAE04EC0-301F-11D3-BF4B-00C04F79EFBC}") = "Day18.Logic", "Day18\Day18.Logic\Day18.Logic.csproj", "{0FB61177-A2C0-4A7A-9A13-CE89DDEEB34D}"
EndProject
Project("{FAE04EC0-301F-11D3-BF4B-00C04F79EFBC}") = "Day18.UnitTests", "Day18\Day18.UnitTests\Day18.UnitTests.csproj", "{3F0E1DB5-2689-470E-8AD7-E8B4D43661F0}"
EndProject
Project("{2150E333-8FDC-42A3-9474-1A3956D46DE8}") = "Day19", "Day19", "{20E27FDC-14BF-49C6-AB17-DBFBB451280F}"
EndProject
Project("{FAE04EC0-301F-11D3-BF4B-00C04F79EFBC}") = "Day19.Logic", "Day19\Day19.Logic\Day19.Logic.csproj", "{7FCB0541-7F4C-4A26-B744-94E0A3CF60C5}"
EndProject
Project("{FAE04EC0-301F-11D3-BF4B-00C04F79EFBC}") = "Day19.UnitTests", "Day19\Day19.UnitTests\Day19.UnitTests.csproj", "{920FDDBF-4781-43AB-BA9B-84493AC71266}"
EndProject
Project("{2150E333-8FDC-42A3-9474-1A3956D46DE8}") = "Day20", "Day20", "{79E14F26-C9F6-44F9-BBE3-05EF8B4F32E1}"
EndProject
Project("{FAE04EC0-301F-11D3-BF4B-00C04F79EFBC}") = "Day20.Logic", "Day20\Day20.Logic\Day20.Logic.csproj", "{B400B884-6501-489F-A93A-55F7B6908769}"
EndProject
Project("{FAE04EC0-301F-11D3-BF4B-00C04F79EFBC}") = "Day20.UnitTests", "Day20\Day20.UnitTests\Day20.UnitTests.csproj", "{CAEFF1F5-7495-4117-AE35-1F6A12C62DE7}"
EndProject
Global
	GlobalSection(SolutionConfigurationPlatforms) = preSolution
		Debug|Any CPU = Debug|Any CPU
		Release|Any CPU = Release|Any CPU
	EndGlobalSection
	GlobalSection(SolutionProperties) = preSolution
		HideSolutionNode = FALSE
	EndGlobalSection
	GlobalSection(ProjectConfigurationPlatforms) = postSolution
		{842185A1-ED25-47B8-A2EF-B571EFB96663}.Debug|Any CPU.ActiveCfg = Debug|Any CPU
		{842185A1-ED25-47B8-A2EF-B571EFB96663}.Debug|Any CPU.Build.0 = Debug|Any CPU
		{842185A1-ED25-47B8-A2EF-B571EFB96663}.Release|Any CPU.ActiveCfg = Release|Any CPU
		{842185A1-ED25-47B8-A2EF-B571EFB96663}.Release|Any CPU.Build.0 = Release|Any CPU
		{45C12093-13A2-4789-B475-F28023B369CF}.Debug|Any CPU.ActiveCfg = Debug|Any CPU
		{45C12093-13A2-4789-B475-F28023B369CF}.Debug|Any CPU.Build.0 = Debug|Any CPU
		{45C12093-13A2-4789-B475-F28023B369CF}.Release|Any CPU.ActiveCfg = Release|Any CPU
		{45C12093-13A2-4789-B475-F28023B369CF}.Release|Any CPU.Build.0 = Release|Any CPU
		{B9F154E6-AB2D-4F78-B944-B952E96F68A9}.Debug|Any CPU.ActiveCfg = Debug|Any CPU
		{B9F154E6-AB2D-4F78-B944-B952E96F68A9}.Debug|Any CPU.Build.0 = Debug|Any CPU
		{B9F154E6-AB2D-4F78-B944-B952E96F68A9}.Release|Any CPU.ActiveCfg = Release|Any CPU
		{B9F154E6-AB2D-4F78-B944-B952E96F68A9}.Release|Any CPU.Build.0 = Release|Any CPU
		{2F3CF6B1-CC1E-4D1D-916F-49A96DF24B94}.Debug|Any CPU.ActiveCfg = Debug|Any CPU
		{2F3CF6B1-CC1E-4D1D-916F-49A96DF24B94}.Debug|Any CPU.Build.0 = Debug|Any CPU
		{2F3CF6B1-CC1E-4D1D-916F-49A96DF24B94}.Release|Any CPU.ActiveCfg = Release|Any CPU
		{2F3CF6B1-CC1E-4D1D-916F-49A96DF24B94}.Release|Any CPU.Build.0 = Release|Any CPU
		{F3C8C0BD-7344-4025-9628-F6D8667DAE8B}.Debug|Any CPU.ActiveCfg = Debug|Any CPU
		{F3C8C0BD-7344-4025-9628-F6D8667DAE8B}.Debug|Any CPU.Build.0 = Debug|Any CPU
		{F3C8C0BD-7344-4025-9628-F6D8667DAE8B}.Release|Any CPU.ActiveCfg = Release|Any CPU
		{F3C8C0BD-7344-4025-9628-F6D8667DAE8B}.Release|Any CPU.Build.0 = Release|Any CPU
		{00445855-21C7-4CB5-BF77-52C25ECFC347}.Debug|Any CPU.ActiveCfg = Debug|Any CPU
		{00445855-21C7-4CB5-BF77-52C25ECFC347}.Debug|Any CPU.Build.0 = Debug|Any CPU
		{00445855-21C7-4CB5-BF77-52C25ECFC347}.Release|Any CPU.ActiveCfg = Release|Any CPU
		{00445855-21C7-4CB5-BF77-52C25ECFC347}.Release|Any CPU.Build.0 = Release|Any CPU
		{45E7B349-63C2-4373-88C7-9975EE4BE335}.Debug|Any CPU.ActiveCfg = Debug|Any CPU
		{45E7B349-63C2-4373-88C7-9975EE4BE335}.Debug|Any CPU.Build.0 = Debug|Any CPU
		{45E7B349-63C2-4373-88C7-9975EE4BE335}.Release|Any CPU.ActiveCfg = Release|Any CPU
		{45E7B349-63C2-4373-88C7-9975EE4BE335}.Release|Any CPU.Build.0 = Release|Any CPU
		{58D5F15D-80FD-426B-808F-DFBD74D04D0E}.Debug|Any CPU.ActiveCfg = Debug|Any CPU
		{58D5F15D-80FD-426B-808F-DFBD74D04D0E}.Debug|Any CPU.Build.0 = Debug|Any CPU
		{58D5F15D-80FD-426B-808F-DFBD74D04D0E}.Release|Any CPU.ActiveCfg = Release|Any CPU
		{58D5F15D-80FD-426B-808F-DFBD74D04D0E}.Release|Any CPU.Build.0 = Release|Any CPU
		{60CC9B83-848D-4B27-AC7F-F4ECF034E453}.Debug|Any CPU.ActiveCfg = Debug|Any CPU
		{60CC9B83-848D-4B27-AC7F-F4ECF034E453}.Debug|Any CPU.Build.0 = Debug|Any CPU
		{60CC9B83-848D-4B27-AC7F-F4ECF034E453}.Release|Any CPU.ActiveCfg = Release|Any CPU
		{60CC9B83-848D-4B27-AC7F-F4ECF034E453}.Release|Any CPU.Build.0 = Release|Any CPU
		{60942D45-5E8E-4E13-872B-1896208E3B2E}.Debug|Any CPU.ActiveCfg = Debug|Any CPU
		{60942D45-5E8E-4E13-872B-1896208E3B2E}.Debug|Any CPU.Build.0 = Debug|Any CPU
		{60942D45-5E8E-4E13-872B-1896208E3B2E}.Release|Any CPU.ActiveCfg = Release|Any CPU
		{60942D45-5E8E-4E13-872B-1896208E3B2E}.Release|Any CPU.Build.0 = Release|Any CPU
		{5B555BD9-5727-4CC6-80F4-E74210D22B26}.Debug|Any CPU.ActiveCfg = Debug|Any CPU
		{5B555BD9-5727-4CC6-80F4-E74210D22B26}.Debug|Any CPU.Build.0 = Debug|Any CPU
		{5B555BD9-5727-4CC6-80F4-E74210D22B26}.Release|Any CPU.ActiveCfg = Release|Any CPU
		{5B555BD9-5727-4CC6-80F4-E74210D22B26}.Release|Any CPU.Build.0 = Release|Any CPU
		{08B79DDC-9848-4E21-B077-8DBD4EC725A3}.Debug|Any CPU.ActiveCfg = Debug|Any CPU
		{08B79DDC-9848-4E21-B077-8DBD4EC725A3}.Debug|Any CPU.Build.0 = Debug|Any CPU
		{08B79DDC-9848-4E21-B077-8DBD4EC725A3}.Release|Any CPU.ActiveCfg = Release|Any CPU
		{08B79DDC-9848-4E21-B077-8DBD4EC725A3}.Release|Any CPU.Build.0 = Release|Any CPU
		{B8F2E2A7-55F0-4EF2-AE15-A03A0FFAF187}.Debug|Any CPU.ActiveCfg = Debug|Any CPU
		{B8F2E2A7-55F0-4EF2-AE15-A03A0FFAF187}.Debug|Any CPU.Build.0 = Debug|Any CPU
		{B8F2E2A7-55F0-4EF2-AE15-A03A0FFAF187}.Release|Any CPU.ActiveCfg = Release|Any CPU
		{B8F2E2A7-55F0-4EF2-AE15-A03A0FFAF187}.Release|Any CPU.Build.0 = Release|Any CPU
		{DDA583C9-E044-432E-9A05-7262012CD1A8}.Debug|Any CPU.ActiveCfg = Debug|Any CPU
		{DDA583C9-E044-432E-9A05-7262012CD1A8}.Debug|Any CPU.Build.0 = Debug|Any CPU
		{DDA583C9-E044-432E-9A05-7262012CD1A8}.Release|Any CPU.ActiveCfg = Release|Any CPU
		{DDA583C9-E044-432E-9A05-7262012CD1A8}.Release|Any CPU.Build.0 = Release|Any CPU
		{BCC6ED59-54B6-4884-ABB9-311F4B9AB82B}.Debug|Any CPU.ActiveCfg = Debug|Any CPU
		{BCC6ED59-54B6-4884-ABB9-311F4B9AB82B}.Debug|Any CPU.Build.0 = Debug|Any CPU
		{BCC6ED59-54B6-4884-ABB9-311F4B9AB82B}.Release|Any CPU.ActiveCfg = Release|Any CPU
		{BCC6ED59-54B6-4884-ABB9-311F4B9AB82B}.Release|Any CPU.Build.0 = Release|Any CPU
		{A8115ED0-A939-485C-8B67-7F1AF5D3465A}.Debug|Any CPU.ActiveCfg = Debug|Any CPU
		{A8115ED0-A939-485C-8B67-7F1AF5D3465A}.Debug|Any CPU.Build.0 = Debug|Any CPU
		{A8115ED0-A939-485C-8B67-7F1AF5D3465A}.Release|Any CPU.ActiveCfg = Release|Any CPU
		{A8115ED0-A939-485C-8B67-7F1AF5D3465A}.Release|Any CPU.Build.0 = Release|Any CPU
		{08E694DA-5818-412F-BBFF-02F8B981B70C}.Debug|Any CPU.ActiveCfg = Debug|Any CPU
		{08E694DA-5818-412F-BBFF-02F8B981B70C}.Debug|Any CPU.Build.0 = Debug|Any CPU
		{08E694DA-5818-412F-BBFF-02F8B981B70C}.Release|Any CPU.ActiveCfg = Release|Any CPU
		{08E694DA-5818-412F-BBFF-02F8B981B70C}.Release|Any CPU.Build.0 = Release|Any CPU
		{BCF21228-139A-41F1-A886-85EEDDA440B2}.Debug|Any CPU.ActiveCfg = Debug|Any CPU
		{BCF21228-139A-41F1-A886-85EEDDA440B2}.Debug|Any CPU.Build.0 = Debug|Any CPU
		{BCF21228-139A-41F1-A886-85EEDDA440B2}.Release|Any CPU.ActiveCfg = Release|Any CPU
		{BCF21228-139A-41F1-A886-85EEDDA440B2}.Release|Any CPU.Build.0 = Release|Any CPU
		{47F0AECE-F554-487E-BB43-416A6D601570}.Debug|Any CPU.ActiveCfg = Debug|Any CPU
		{47F0AECE-F554-487E-BB43-416A6D601570}.Debug|Any CPU.Build.0 = Debug|Any CPU
		{47F0AECE-F554-487E-BB43-416A6D601570}.Release|Any CPU.ActiveCfg = Release|Any CPU
		{47F0AECE-F554-487E-BB43-416A6D601570}.Release|Any CPU.Build.0 = Release|Any CPU
		{E6BDDA29-48A0-4FB1-B6E4-8C84A3AD7CDC}.Debug|Any CPU.ActiveCfg = Debug|Any CPU
		{E6BDDA29-48A0-4FB1-B6E4-8C84A3AD7CDC}.Debug|Any CPU.Build.0 = Debug|Any CPU
		{E6BDDA29-48A0-4FB1-B6E4-8C84A3AD7CDC}.Release|Any CPU.ActiveCfg = Release|Any CPU
		{E6BDDA29-48A0-4FB1-B6E4-8C84A3AD7CDC}.Release|Any CPU.Build.0 = Release|Any CPU
		{3BA388C4-BA5C-4589-8F75-A1DDD3093F94}.Debug|Any CPU.ActiveCfg = Debug|Any CPU
		{3BA388C4-BA5C-4589-8F75-A1DDD3093F94}.Debug|Any CPU.Build.0 = Debug|Any CPU
		{3BA388C4-BA5C-4589-8F75-A1DDD3093F94}.Release|Any CPU.ActiveCfg = Release|Any CPU
		{3BA388C4-BA5C-4589-8F75-A1DDD3093F94}.Release|Any CPU.Build.0 = Release|Any CPU
		{278227DC-D30D-4324-B86E-79D0997EE5EF}.Debug|Any CPU.ActiveCfg = Debug|Any CPU
		{278227DC-D30D-4324-B86E-79D0997EE5EF}.Debug|Any CPU.Build.0 = Debug|Any CPU
		{278227DC-D30D-4324-B86E-79D0997EE5EF}.Release|Any CPU.ActiveCfg = Release|Any CPU
		{278227DC-D30D-4324-B86E-79D0997EE5EF}.Release|Any CPU.Build.0 = Release|Any CPU
		{612B77C5-13F6-4150-B7A4-3D432E955303}.Debug|Any CPU.ActiveCfg = Debug|Any CPU
		{612B77C5-13F6-4150-B7A4-3D432E955303}.Debug|Any CPU.Build.0 = Debug|Any CPU
		{612B77C5-13F6-4150-B7A4-3D432E955303}.Release|Any CPU.ActiveCfg = Release|Any CPU
		{612B77C5-13F6-4150-B7A4-3D432E955303}.Release|Any CPU.Build.0 = Release|Any CPU
		{4D58609C-7572-4BF9-A86C-0DBF5D921834}.Debug|Any CPU.ActiveCfg = Debug|Any CPU
		{4D58609C-7572-4BF9-A86C-0DBF5D921834}.Debug|Any CPU.Build.0 = Debug|Any CPU
		{4D58609C-7572-4BF9-A86C-0DBF5D921834}.Release|Any CPU.ActiveCfg = Release|Any CPU
		{4D58609C-7572-4BF9-A86C-0DBF5D921834}.Release|Any CPU.Build.0 = Release|Any CPU
		{C0760E04-9F50-469D-BA11-72A732623227}.Debug|Any CPU.ActiveCfg = Debug|Any CPU
		{C0760E04-9F50-469D-BA11-72A732623227}.Debug|Any CPU.Build.0 = Debug|Any CPU
		{C0760E04-9F50-469D-BA11-72A732623227}.Release|Any CPU.ActiveCfg = Release|Any CPU
		{C0760E04-9F50-469D-BA11-72A732623227}.Release|Any CPU.Build.0 = Release|Any CPU
		{FE3CADAF-AB06-4C14-977F-FB4E64FA7F98}.Debug|Any CPU.ActiveCfg = Debug|Any CPU
		{FE3CADAF-AB06-4C14-977F-FB4E64FA7F98}.Debug|Any CPU.Build.0 = Debug|Any CPU
		{FE3CADAF-AB06-4C14-977F-FB4E64FA7F98}.Release|Any CPU.ActiveCfg = Release|Any CPU
		{FE3CADAF-AB06-4C14-977F-FB4E64FA7F98}.Release|Any CPU.Build.0 = Release|Any CPU
		{6FE6D083-2AD0-4075-BB7E-7D3B32B876A5}.Debug|Any CPU.ActiveCfg = Debug|Any CPU
		{6FE6D083-2AD0-4075-BB7E-7D3B32B876A5}.Debug|Any CPU.Build.0 = Debug|Any CPU
		{6FE6D083-2AD0-4075-BB7E-7D3B32B876A5}.Release|Any CPU.ActiveCfg = Release|Any CPU
		{6FE6D083-2AD0-4075-BB7E-7D3B32B876A5}.Release|Any CPU.Build.0 = Release|Any CPU
		{F31D723B-76D4-417B-A4C1-3BA646618FE2}.Debug|Any CPU.ActiveCfg = Debug|Any CPU
		{F31D723B-76D4-417B-A4C1-3BA646618FE2}.Debug|Any CPU.Build.0 = Debug|Any CPU
		{F31D723B-76D4-417B-A4C1-3BA646618FE2}.Release|Any CPU.ActiveCfg = Release|Any CPU
		{F31D723B-76D4-417B-A4C1-3BA646618FE2}.Release|Any CPU.Build.0 = Release|Any CPU
		{F49BFF79-004D-47D4-B37A-F9CB0530BD3C}.Debug|Any CPU.ActiveCfg = Debug|Any CPU
		{F49BFF79-004D-47D4-B37A-F9CB0530BD3C}.Debug|Any CPU.Build.0 = Debug|Any CPU
		{F49BFF79-004D-47D4-B37A-F9CB0530BD3C}.Release|Any CPU.ActiveCfg = Release|Any CPU
		{F49BFF79-004D-47D4-B37A-F9CB0530BD3C}.Release|Any CPU.Build.0 = Release|Any CPU
		{A33925D6-4A22-4E90-BC45-C21A7AC9B9F1}.Debug|Any CPU.ActiveCfg = Debug|Any CPU
		{A33925D6-4A22-4E90-BC45-C21A7AC9B9F1}.Debug|Any CPU.Build.0 = Debug|Any CPU
		{A33925D6-4A22-4E90-BC45-C21A7AC9B9F1}.Release|Any CPU.ActiveCfg = Release|Any CPU
		{A33925D6-4A22-4E90-BC45-C21A7AC9B9F1}.Release|Any CPU.Build.0 = Release|Any CPU
		{5D5BB214-E89D-4D88-AF6F-1CCBB821AB03}.Debug|Any CPU.ActiveCfg = Debug|Any CPU
		{5D5BB214-E89D-4D88-AF6F-1CCBB821AB03}.Debug|Any CPU.Build.0 = Debug|Any CPU
		{5D5BB214-E89D-4D88-AF6F-1CCBB821AB03}.Release|Any CPU.ActiveCfg = Release|Any CPU
		{5D5BB214-E89D-4D88-AF6F-1CCBB821AB03}.Release|Any CPU.Build.0 = Release|Any CPU
		{8ED837FA-493B-4C16-84BC-DD4F804AF945}.Debug|Any CPU.ActiveCfg = Debug|Any CPU
		{8ED837FA-493B-4C16-84BC-DD4F804AF945}.Debug|Any CPU.Build.0 = Debug|Any CPU
		{8ED837FA-493B-4C16-84BC-DD4F804AF945}.Release|Any CPU.ActiveCfg = Release|Any CPU
		{8ED837FA-493B-4C16-84BC-DD4F804AF945}.Release|Any CPU.Build.0 = Release|Any CPU
		{92E8EBAF-B960-427E-8E32-334701203AC4}.Debug|Any CPU.ActiveCfg = Debug|Any CPU
		{92E8EBAF-B960-427E-8E32-334701203AC4}.Debug|Any CPU.Build.0 = Debug|Any CPU
		{92E8EBAF-B960-427E-8E32-334701203AC4}.Release|Any CPU.ActiveCfg = Release|Any CPU
		{92E8EBAF-B960-427E-8E32-334701203AC4}.Release|Any CPU.Build.0 = Release|Any CPU
		{280B70FB-B9F9-4DF2-A160-6DC8928D378D}.Debug|Any CPU.ActiveCfg = Debug|Any CPU
		{280B70FB-B9F9-4DF2-A160-6DC8928D378D}.Debug|Any CPU.Build.0 = Debug|Any CPU
		{280B70FB-B9F9-4DF2-A160-6DC8928D378D}.Release|Any CPU.ActiveCfg = Release|Any CPU
		{280B70FB-B9F9-4DF2-A160-6DC8928D378D}.Release|Any CPU.Build.0 = Release|Any CPU
		{0FB61177-A2C0-4A7A-9A13-CE89DDEEB34D}.Debug|Any CPU.ActiveCfg = Debug|Any CPU
		{0FB61177-A2C0-4A7A-9A13-CE89DDEEB34D}.Debug|Any CPU.Build.0 = Debug|Any CPU
		{0FB61177-A2C0-4A7A-9A13-CE89DDEEB34D}.Release|Any CPU.ActiveCfg = Release|Any CPU
		{0FB61177-A2C0-4A7A-9A13-CE89DDEEB34D}.Release|Any CPU.Build.0 = Release|Any CPU
		{3F0E1DB5-2689-470E-8AD7-E8B4D43661F0}.Debug|Any CPU.ActiveCfg = Debug|Any CPU
		{3F0E1DB5-2689-470E-8AD7-E8B4D43661F0}.Debug|Any CPU.Build.0 = Debug|Any CPU
		{3F0E1DB5-2689-470E-8AD7-E8B4D43661F0}.Release|Any CPU.ActiveCfg = Release|Any CPU
		{3F0E1DB5-2689-470E-8AD7-E8B4D43661F0}.Release|Any CPU.Build.0 = Release|Any CPU
		{7FCB0541-7F4C-4A26-B744-94E0A3CF60C5}.Debug|Any CPU.ActiveCfg = Debug|Any CPU
		{7FCB0541-7F4C-4A26-B744-94E0A3CF60C5}.Debug|Any CPU.Build.0 = Debug|Any CPU
		{7FCB0541-7F4C-4A26-B744-94E0A3CF60C5}.Release|Any CPU.ActiveCfg = Release|Any CPU
		{7FCB0541-7F4C-4A26-B744-94E0A3CF60C5}.Release|Any CPU.Build.0 = Release|Any CPU
		{920FDDBF-4781-43AB-BA9B-84493AC71266}.Debug|Any CPU.ActiveCfg = Debug|Any CPU
		{920FDDBF-4781-43AB-BA9B-84493AC71266}.Debug|Any CPU.Build.0 = Debug|Any CPU
		{920FDDBF-4781-43AB-BA9B-84493AC71266}.Release|Any CPU.ActiveCfg = Release|Any CPU
		{920FDDBF-4781-43AB-BA9B-84493AC71266}.Release|Any CPU.Build.0 = Release|Any CPU
		{B400B884-6501-489F-A93A-55F7B6908769}.Debug|Any CPU.ActiveCfg = Debug|Any CPU
		{B400B884-6501-489F-A93A-55F7B6908769}.Debug|Any CPU.Build.0 = Debug|Any CPU
		{B400B884-6501-489F-A93A-55F7B6908769}.Release|Any CPU.ActiveCfg = Release|Any CPU
		{B400B884-6501-489F-A93A-55F7B6908769}.Release|Any CPU.Build.0 = Release|Any CPU
		{CAEFF1F5-7495-4117-AE35-1F6A12C62DE7}.Debug|Any CPU.ActiveCfg = Debug|Any CPU
		{CAEFF1F5-7495-4117-AE35-1F6A12C62DE7}.Debug|Any CPU.Build.0 = Debug|Any CPU
		{CAEFF1F5-7495-4117-AE35-1F6A12C62DE7}.Release|Any CPU.ActiveCfg = Release|Any CPU
		{CAEFF1F5-7495-4117-AE35-1F6A12C62DE7}.Release|Any CPU.Build.0 = Release|Any CPU
	EndGlobalSection
	GlobalSection(NestedProjects) = preSolution
		{842185A1-ED25-47B8-A2EF-B571EFB96663} = {2A86911A-66D4-4018-934E-439666F43F87}
		{45C12093-13A2-4789-B475-F28023B369CF} = {2A86911A-66D4-4018-934E-439666F43F87}
		{B9F154E6-AB2D-4F78-B944-B952E96F68A9} = {30C05C4F-82EA-4FC1-85AD-FD680853B1F6}
		{2F3CF6B1-CC1E-4D1D-916F-49A96DF24B94} = {30C05C4F-82EA-4FC1-85AD-FD680853B1F6}
		{F3C8C0BD-7344-4025-9628-F6D8667DAE8B} = {DBDB9B0E-2D7F-49C9-B24A-7D7718DA7BEC}
		{00445855-21C7-4CB5-BF77-52C25ECFC347} = {DBDB9B0E-2D7F-49C9-B24A-7D7718DA7BEC}
		{45E7B349-63C2-4373-88C7-9975EE4BE335} = {4AD96BEA-03D9-4B39-AD81-5EC64003476F}
		{58D5F15D-80FD-426B-808F-DFBD74D04D0E} = {4AD96BEA-03D9-4B39-AD81-5EC64003476F}
		{60CC9B83-848D-4B27-AC7F-F4ECF034E453} = {1E6FDB04-7A21-4032-AAE2-15878D0E9907}
		{60942D45-5E8E-4E13-872B-1896208E3B2E} = {1E6FDB04-7A21-4032-AAE2-15878D0E9907}
		{5B555BD9-5727-4CC6-80F4-E74210D22B26} = {BCC05E9E-02E7-4566-9C82-46C463A744C2}
		{08B79DDC-9848-4E21-B077-8DBD4EC725A3} = {BCC05E9E-02E7-4566-9C82-46C463A744C2}
		{B8F2E2A7-55F0-4EF2-AE15-A03A0FFAF187} = {93032289-A329-4C77-8F14-907E60E0876B}
		{DDA583C9-E044-432E-9A05-7262012CD1A8} = {93032289-A329-4C77-8F14-907E60E0876B}
		{BCC6ED59-54B6-4884-ABB9-311F4B9AB82B} = {D5C7BE02-B383-4CA7-B222-4C6168B83B42}
		{A8115ED0-A939-485C-8B67-7F1AF5D3465A} = {D5C7BE02-B383-4CA7-B222-4C6168B83B42}
		{08E694DA-5818-412F-BBFF-02F8B981B70C} = {E4791AF6-4DC0-472D-B41C-C08559C19652}
		{BCF21228-139A-41F1-A886-85EEDDA440B2} = {E4791AF6-4DC0-472D-B41C-C08559C19652}
		{47F0AECE-F554-487E-BB43-416A6D601570} = {BD09E1D9-BF1A-4ABD-8D86-8B87BF3EFF2C}
		{E6BDDA29-48A0-4FB1-B6E4-8C84A3AD7CDC} = {BD09E1D9-BF1A-4ABD-8D86-8B87BF3EFF2C}
		{3BA388C4-BA5C-4589-8F75-A1DDD3093F94} = {7F4047B3-6E77-4023-986B-C79AC50C9259}
		{278227DC-D30D-4324-B86E-79D0997EE5EF} = {7F4047B3-6E77-4023-986B-C79AC50C9259}
		{612B77C5-13F6-4150-B7A4-3D432E955303} = {092AE56C-A08A-4A6A-9AD4-48DBAA1C5876}
		{4D58609C-7572-4BF9-A86C-0DBF5D921834} = {092AE56C-A08A-4A6A-9AD4-48DBAA1C5876}
		{C0760E04-9F50-469D-BA11-72A732623227} = {3F2532EF-D7BD-48D3-9998-47F3B156A701}
		{FE3CADAF-AB06-4C14-977F-FB4E64FA7F98} = {3F2532EF-D7BD-48D3-9998-47F3B156A701}
		{6FE6D083-2AD0-4075-BB7E-7D3B32B876A5} = {C992394F-6C7F-4C36-83AE-7B52F1057B52}
		{F31D723B-76D4-417B-A4C1-3BA646618FE2} = {C992394F-6C7F-4C36-83AE-7B52F1057B52}
		{F49BFF79-004D-47D4-B37A-F9CB0530BD3C} = {012391BC-3541-46AD-ADFF-7DE464561B85}
		{A33925D6-4A22-4E90-BC45-C21A7AC9B9F1} = {012391BC-3541-46AD-ADFF-7DE464561B85}
		{5D5BB214-E89D-4D88-AF6F-1CCBB821AB03} = {8C8B768F-4A1B-4EE9-AE07-76A6C8525AFC}
		{8ED837FA-493B-4C16-84BC-DD4F804AF945} = {8C8B768F-4A1B-4EE9-AE07-76A6C8525AFC}
		{92E8EBAF-B960-427E-8E32-334701203AC4} = {465960C7-07C3-4175-A13E-625D28C1AF66}
		{280B70FB-B9F9-4DF2-A160-6DC8928D378D} = {465960C7-07C3-4175-A13E-625D28C1AF66}
		{0FB61177-A2C0-4A7A-9A13-CE89DDEEB34D} = {5B3EBDA9-9E50-4074-9F32-42F7CEF9D80B}
		{3F0E1DB5-2689-470E-8AD7-E8B4D43661F0} = {5B3EBDA9-9E50-4074-9F32-42F7CEF9D80B}
		{7FCB0541-7F4C-4A26-B744-94E0A3CF60C5} = {20E27FDC-14BF-49C6-AB17-DBFBB451280F}
		{920FDDBF-4781-43AB-BA9B-84493AC71266} = {20E27FDC-14BF-49C6-AB17-DBFBB451280F}
		{B400B884-6501-489F-A93A-55F7B6908769} = {79E14F26-C9F6-44F9-BBE3-05EF8B4F32E1}
		{CAEFF1F5-7495-4117-AE35-1F6A12C62DE7} = {79E14F26-C9F6-44F9-BBE3-05EF8B4F32E1}
	EndGlobalSection
EndGlobal
