
Microsoft Visual Studio Solution File, Format Version 12.00
# Visual Studio Version 17
VisualStudioVersion = 17.0.31903.59
MinimumVisualStudioVersion = 10.0.40219.1
Project("{2150E333-8FDC-42A3-9474-1A3956D46DE8}") = "Day1", "Day1", "{2A86911A-66D4-4018-934E-439666F43F87}"
EndProject
Project("{FAE04EC0-301F-11D3-BF4B-00C04F79EFBC}") = "Day1.Logic", "Day1\Day1.Logic\Day1.Logic.csproj", "{842185A1-ED25-47B8-A2EF-B571EFB96663}"
EndProject
Project("{FAE04EC0-301F-11D3-BF4B-00C04F79EFBC}") = "Day1.UnitTests", "Day1\Day1.UnitTests\Day1.UnitTests.csproj", "{45C12093-13A2-4789-B475-F28023B369CF}"
EndProject
Project("{2150E333-8FDC-42A3-9474-1A3956D46DE8}") = "Day2", "Day2", "{30C05C4F-82EA-4FC1-85AD-FD680853B1F6}"
EndProject
Project("{FAE04EC0-301F-11D3-BF4B-00C04F79EFBC}") = "Day2.Logic", "Day2\Day2.Logic\Day2.Logic.csproj", "{B9F154E6-AB2D-4F78-B944-B952E96F68A9}"
EndProject
Project("{FAE04EC0-301F-11D3-BF4B-00C04F79EFBC}") = "Day2.UnitTests", "Day2\Day2.UnitTests\Day2.UnitTests.csproj", "{2F3CF6B1-CC1E-4D1D-916F-49A96DF24B94}"
EndProject
Project("{2150E333-8FDC-42A3-9474-1A3956D46DE8}") = "Day3", "Day3", "{DBDB9B0E-2D7F-49C9-B24A-7D7718DA7BEC}"
EndProject
Project("{FAE04EC0-301F-11D3-BF4B-00C04F79EFBC}") = "Day3.Logic", "Day3\Day3.Logic\Day3.Logic.csproj", "{F3C8C0BD-7344-4025-9628-F6D8667DAE8B}"
EndProject
Project("{FAE04EC0-301F-11D3-BF4B-00C04F79EFBC}") = "Day3.UnitTests", "Day3\Day3.UnitTests\Day3.UnitTests.csproj", "{00445855-21C7-4CB5-BF77-52C25ECFC347}"
EndProject
Project("{2150E333-8FDC-42A3-9474-1A3956D46DE8}") = "Day4", "Day4", "{4AD96BEA-03D9-4B39-AD81-5EC64003476F}"
EndProject
Project("{FAE04EC0-301F-11D3-BF4B-00C04F79EFBC}") = "Day4.Logic", "Day4\Day4.Logic\Day4.Logic.csproj", "{45E7B349-63C2-4373-88C7-9975EE4BE335}"
EndProject
Project("{FAE04EC0-301F-11D3-BF4B-00C04F79EFBC}") = "Day4.UnitTests", "Day4\Day4.UnitTests\Day4.UnitTests.csproj", "{58D5F15D-80FD-426B-808F-DFBD74D04D0E}"
EndProject
Global
	GlobalSection(SolutionConfigurationPlatforms) = preSolution
		Debug|Any CPU = Debug|Any CPU
		Release|Any CPU = Release|Any CPU
	EndGlobalSection
	GlobalSection(SolutionProperties) = preSolution
		HideSolutionNode = FALSE
	EndGlobalSection
	GlobalSection(ProjectConfigurationPlatforms) = postSolution
		{842185A1-ED25-47B8-A2EF-B571EFB96663}.Debug|Any CPU.ActiveCfg = Debug|Any CPU
		{842185A1-ED25-47B8-A2EF-B571EFB96663}.Debug|Any CPU.Build.0 = Debug|Any CPU
		{842185A1-ED25-47B8-A2EF-B571EFB96663}.Release|Any CPU.ActiveCfg = Release|Any CPU
		{842185A1-ED25-47B8-A2EF-B571EFB96663}.Release|Any CPU.Build.0 = Release|Any CPU
		{45C12093-13A2-4789-B475-F28023B369CF}.Debug|Any CPU.ActiveCfg = Debug|Any CPU
		{45C12093-13A2-4789-B475-F28023B369CF}.Debug|Any CPU.Build.0 = Debug|Any CPU
		{45C12093-13A2-4789-B475-F28023B369CF}.Release|Any CPU.ActiveCfg = Release|Any CPU
		{45C12093-13A2-4789-B475-F28023B369CF}.Release|Any CPU.Build.0 = Release|Any CPU
		{B9F154E6-AB2D-4F78-B944-B952E96F68A9}.Debug|Any CPU.ActiveCfg = Debug|Any CPU
		{B9F154E6-AB2D-4F78-B944-B952E96F68A9}.Debug|Any CPU.Build.0 = Debug|Any CPU
		{B9F154E6-AB2D-4F78-B944-B952E96F68A9}.Release|Any CPU.ActiveCfg = Release|Any CPU
		{B9F154E6-AB2D-4F78-B944-B952E96F68A9}.Release|Any CPU.Build.0 = Release|Any CPU
		{2F3CF6B1-CC1E-4D1D-916F-49A96DF24B94}.Debug|Any CPU.ActiveCfg = Debug|Any CPU
		{2F3CF6B1-CC1E-4D1D-916F-49A96DF24B94}.Debug|Any CPU.Build.0 = Debug|Any CPU
		{2F3CF6B1-CC1E-4D1D-916F-49A96DF24B94}.Release|Any CPU.ActiveCfg = Release|Any CPU
		{2F3CF6B1-CC1E-4D1D-916F-49A96DF24B94}.Release|Any CPU.Build.0 = Release|Any CPU
		{F3C8C0BD-7344-4025-9628-F6D8667DAE8B}.Debug|Any CPU.ActiveCfg = Debug|Any CPU
		{F3C8C0BD-7344-4025-9628-F6D8667DAE8B}.Debug|Any CPU.Build.0 = Debug|Any CPU
		{F3C8C0BD-7344-4025-9628-F6D8667DAE8B}.Release|Any CPU.ActiveCfg = Release|Any CPU
		{F3C8C0BD-7344-4025-9628-F6D8667DAE8B}.Release|Any CPU.Build.0 = Release|Any CPU
		{00445855-21C7-4CB5-BF77-52C25ECFC347}.Debug|Any CPU.ActiveCfg = Debug|Any CPU
		{00445855-21C7-4CB5-BF77-52C25ECFC347}.Debug|Any CPU.Build.0 = Debug|Any CPU
		{00445855-21C7-4CB5-BF77-52C25ECFC347}.Release|Any CPU.ActiveCfg = Release|Any CPU
		{00445855-21C7-4CB5-BF77-52C25ECFC347}.Release|Any CPU.Build.0 = Release|Any CPU
		{45E7B349-63C2-4373-88C7-9975EE4BE335}.Debug|Any CPU.ActiveCfg = Debug|Any CPU
		{45E7B349-63C2-4373-88C7-9975EE4BE335}.Debug|Any CPU.Build.0 = Debug|Any CPU
		{45E7B349-63C2-4373-88C7-9975EE4BE335}.Release|Any CPU.ActiveCfg = Release|Any CPU
		{45E7B349-63C2-4373-88C7-9975EE4BE335}.Release|Any CPU.Build.0 = Release|Any CPU
		{58D5F15D-80FD-426B-808F-DFBD74D04D0E}.Debug|Any CPU.ActiveCfg = Debug|Any CPU
		{58D5F15D-80FD-426B-808F-DFBD74D04D0E}.Debug|Any CPU.Build.0 = Debug|Any CPU
		{58D5F15D-80FD-426B-808F-DFBD74D04D0E}.Release|Any CPU.ActiveCfg = Release|Any CPU
		{58D5F15D-80FD-426B-808F-DFBD74D04D0E}.Release|Any CPU.Build.0 = Release|Any CPU
	EndGlobalSection
	GlobalSection(NestedProjects) = preSolution
		{842185A1-ED25-47B8-A2EF-B571EFB96663} = {2A86911A-66D4-4018-934E-439666F43F87}
		{45C12093-13A2-4789-B475-F28023B369CF} = {2A86911A-66D4-4018-934E-439666F43F87}
		{B9F154E6-AB2D-4F78-B944-B952E96F68A9} = {30C05C4F-82EA-4FC1-85AD-FD680853B1F6}
		{2F3CF6B1-CC1E-4D1D-916F-49A96DF24B94} = {30C05C4F-82EA-4FC1-85AD-FD680853B1F6}
		{F3C8C0BD-7344-4025-9628-F6D8667DAE8B} = {DBDB9B0E-2D7F-49C9-B24A-7D7718DA7BEC}
		{00445855-21C7-4CB5-BF77-52C25ECFC347} = {DBDB9B0E-2D7F-49C9-B24A-7D7718DA7BEC}
		{45E7B349-63C2-4373-88C7-9975EE4BE335} = {4AD96BEA-03D9-4B39-AD81-5EC64003476F}
		{58D5F15D-80FD-426B-808F-DFBD74D04D0E} = {4AD96BEA-03D9-4B39-AD81-5EC64003476F}
	EndGlobalSection
EndGlobal
