
Microsoft Visual Studio Solution File, Format Version 12.00
# Visual Studio Version 17
VisualStudioVersion = 17.0.31903.59
MinimumVisualStudioVersion = 10.0.40219.1
Project("{FAE04EC0-301F-11D3-BF4B-00C04F79EFBC}") = "Day6.Logic", "Day6.Logic\Day6.Logic.csproj", "{9CFB8CF3-2527-4362-A053-3F04E8EEA179}"
EndProject
Project("{FAE04EC0-301F-11D3-BF4B-00C04F79EFBC}") = "Day6.UnitTests", "Day6.UnitTests\Day6.UnitTests.csproj", "{389B5602-59CB-4CEC-B6D7-D699988EF9C1}"
EndProject
Global
	GlobalSection(SolutionConfigurationPlatforms) = preSolution
		Debug|Any CPU = Debug|Any CPU
		Release|Any CPU = Release|Any CPU
	EndGlobalSection
	GlobalSection(SolutionProperties) = preSolution
		HideSolutionNode = FALSE
	EndGlobalSection
	GlobalSection(ProjectConfigurationPlatforms) = postSolution
		{9CFB8CF3-2527-4362-A053-3F04E8EEA179}.Debug|Any CPU.ActiveCfg = Debug|Any CPU
		{9CFB8CF3-2527-4362-A053-3F04E8EEA179}.Debug|Any CPU.Build.0 = Debug|Any CPU
		{9CFB8CF3-2527-4362-A053-3F04E8EEA179}.Release|Any CPU.ActiveCfg = Release|Any CPU
		{9CFB8CF3-2527-4362-A053-3F04E8EEA179}.Release|Any CPU.Build.0 = Release|Any CPU
		{389B5602-59CB-4CEC-B6D7-D699988EF9C1}.Debug|Any CPU.ActiveCfg = Debug|Any CPU
		{389B5602-59CB-4CEC-B6D7-D699988EF9C1}.Debug|Any CPU.Build.0 = Debug|Any CPU
		{389B5602-59CB-4CEC-B6D7-D699988EF9C1}.Release|Any CPU.ActiveCfg = Release|Any CPU
		{389B5602-59CB-4CEC-B6D7-D699988EF9C1}.Release|Any CPU.Build.0 = Release|Any CPU
	EndGlobalSection
EndGlobal
