
Microsoft Visual Studio Solution File, Format Version 12.00
# Visual Studio Version 17
VisualStudioVersion = 17.0.31903.59
MinimumVisualStudioVersion = 10.0.40219.1
Project("{2150E333-8FDC-42A3-9474-1A3956D46DE8}") = "Day1", "Day1", "{10A49D91-CABE-4E17-BA4D-973002BC9245}"
EndProject
Project("{FAE04EC0-301F-11D3-BF4B-00C04F79EFBC}") = "Day1.Logic", "Day1\Day1.Logic\Day1.Logic.csproj", "{A5427F56-C64C-4D4C-8CBE-00B80E40066B}"
EndProject
Project("{FAE04EC0-301F-11D3-BF4B-00C04F79EFBC}") = "Day1.UnitTests", "Day1\Day1.UnitTests\Day1.UnitTests.csproj", "{6C2DAB5D-344B-46BC-9BF2-80B01EBF59EE}"
EndProject
Project("{2150E333-8FDC-42A3-9474-1A3956D46DE8}") = "Day2", "Day2", "{1AA7D85F-4284-49CA-AD95-7C6F44046B77}"
EndProject
Project("{FAE04EC0-301F-11D3-BF4B-00C04F79EFBC}") = "Day2.Logic", "Day2\Day2.Logic\Day2.Logic.csproj", "{1747F656-80B6-4065-9F3C-A27A4761BFCC}"
EndProject
Project("{FAE04EC0-301F-11D3-BF4B-00C04F79EFBC}") = "Day2.UnitTests", "Day2\Day2.UnitTests\Day2.UnitTests.csproj", "{4F3D888B-F9BF-4E06-BBD7-3F81627E0C2B}"
EndProject
Project("{2150E333-8FDC-42A3-9474-1A3956D46DE8}") = "Day3", "Day3", "{D14F5050-431B-4DC0-A314-F0ED265B1508}"
EndProject
Project("{FAE04EC0-301F-11D3-BF4B-00C04F79EFBC}") = "Day3.Logic", "Day3\Day3.Logic\Day3.Logic.csproj", "{2F3BC7FB-4CAD-403F-AE71-CA98978ED6B4}"
EndProject
Project("{FAE04EC0-301F-11D3-BF4B-00C04F79EFBC}") = "Day3.UnitTests", "Day3\Day3.UnitTests\Day3.UnitTests.csproj", "{67713513-3A73-42FA-A0F3-A96832BA931C}"
EndProject
Project("{2150E333-8FDC-42A3-9474-1A3956D46DE8}") = "Day4", "Day4", "{2DC48113-EE53-4C45-B171-29A6492AFF5B}"
EndProject
Project("{FAE04EC0-301F-11D3-BF4B-00C04F79EFBC}") = "Day4.Logic", "Day4\Day4.Logic\Day4.Logic.csproj", "{4D1AF3BF-0A56-4178-8849-FB30402BEB75}"
EndProject
Project("{FAE04EC0-301F-11D3-BF4B-00C04F79EFBC}") = "Day4.UnitTests", "Day4\Day4.UnitTests\Day4.UnitTests.csproj", "{A01EA570-BAEF-4629-B57C-D4E918D6FF53}"
EndProject
Project("{2150E333-8FDC-42A3-9474-1A3956D46DE8}") = "Day5", "Day5", "{5E5A2734-02FF-4ABE-B0FE-CC94EC81C721}"
EndProject
Project("{FAE04EC0-301F-11D3-BF4B-00C04F79EFBC}") = "Day5.Logic", "Day5\Day5.Logic\Day5.Logic.csproj", "{CE86C827-15C0-44E6-83BB-74C23316B2F6}"
EndProject
Project("{FAE04EC0-301F-11D3-BF4B-00C04F79EFBC}") = "Day5.UnitTests", "Day5\Day5.UnitTests\Day5.UnitTests.csproj", "{F9135A48-6537-4899-9011-37CF566F49D2}"
EndProject
Project("{2150E333-8FDC-42A3-9474-1A3956D46DE8}") = "Day6", "Day6", "{CC00DA0A-485E-4665-BE9E-E0424816E4A5}"
EndProject
Project("{FAE04EC0-301F-11D3-BF4B-00C04F79EFBC}") = "Day6.Logic", "Day6\Day6.Logic\Day6.Logic.csproj", "{A4B1AE99-0520-4891-9035-D87FD41A9596}"
EndProject
Project("{FAE04EC0-301F-11D3-BF4B-00C04F79EFBC}") = "Day6.UnitTests", "Day6\Day6.UnitTests\Day6.UnitTests.csproj", "{A6FC8460-6F7F-4834-BC48-68C0A75B54E1}"
EndProject
Project("{2150E333-8FDC-42A3-9474-1A3956D46DE8}") = "Day7", "Day7", "{76A13666-A34A-4BB0-8D43-2B0DA7C25BAE}"
EndProject
Project("{FAE04EC0-301F-11D3-BF4B-00C04F79EFBC}") = "Day7.Logic", "Day7\Day7.Logic\Day7.Logic.csproj", "{FA5828E0-4674-4568-A0C4-01A2C247DFAD}"
EndProject
Project("{FAE04EC0-301F-11D3-BF4B-00C04F79EFBC}") = "Day7.UnitTests", "Day7\Day7.UnitTests\Day7.UnitTests.csproj", "{6640B439-AE49-4E3D-9B8F-5C7179F3143C}"
EndProject
Project("{2150E333-8FDC-42A3-9474-1A3956D46DE8}") = "Day8", "Day8", "{49A6972F-34A0-427A-90BA-6B5FFC8C237B}"
EndProject
Project("{FAE04EC0-301F-11D3-BF4B-00C04F79EFBC}") = "Day8.Logic", "Day8\Day8.Logic\Day8.Logic.csproj", "{FDA0DAC1-12D2-41EC-8DCE-2B8211CC09A0}"
EndProject
Project("{FAE04EC0-301F-11D3-BF4B-00C04F79EFBC}") = "Day8.UnitTests", "Day8\Day8.UnitTests\Day8.UnitTests.csproj", "{68CF91D9-8BB4-486B-975D-85DE4C714FD4}"
EndProject
Project("{2150E333-8FDC-42A3-9474-1A3956D46DE8}") = "Day9", "Day9", "{EAA3DC0D-F5C3-4D9E-957A-E67FD8B0E7F3}"
EndProject
Project("{FAE04EC0-301F-11D3-BF4B-00C04F79EFBC}") = "Day9.Logic", "Day9\Day9.Logic\Day9.Logic.csproj", "{08AF8172-F669-4D97-9C7F-D735DE3F2399}"
EndProject
Project("{FAE04EC0-301F-11D3-BF4B-00C04F79EFBC}") = "Day9.UnitTests", "Day9\Day9.UnitTests\Day9.UnitTests.csproj", "{6B2AFE3C-009A-4BC6-BAE9-9F8DBA939F9C}"
EndProject
Project("{2150E333-8FDC-42A3-9474-1A3956D46DE8}") = "Day10", "Day10", "{6770BA56-3C08-424F-B900-BA31FED517F6}"
EndProject
Project("{FAE04EC0-301F-11D3-BF4B-00C04F79EFBC}") = "Day10.Logic", "Day10\Day10.Logic\Day10.Logic.csproj", "{D5D4D097-6880-469F-AEDD-D65F3F7819EB}"
EndProject
Project("{FAE04EC0-301F-11D3-BF4B-00C04F79EFBC}") = "Day10.UnitTests", "Day10\Day10.UnitTests\Day10.UnitTests.csproj", "{26E3BF9D-2339-4DFB-9CFE-89B29BC2A7E6}"
EndProject
Global
	GlobalSection(SolutionConfigurationPlatforms) = preSolution
		Debug|Any CPU = Debug|Any CPU
		Release|Any CPU = Release|Any CPU
	EndGlobalSection
	GlobalSection(SolutionProperties) = preSolution
		HideSolutionNode = FALSE
	EndGlobalSection
	GlobalSection(ProjectConfigurationPlatforms) = postSolution
		{A5427F56-C64C-4D4C-8CBE-00B80E40066B}.Debug|Any CPU.ActiveCfg = Debug|Any CPU
		{A5427F56-C64C-4D4C-8CBE-00B80E40066B}.Debug|Any CPU.Build.0 = Debug|Any CPU
		{A5427F56-C64C-4D4C-8CBE-00B80E40066B}.Release|Any CPU.ActiveCfg = Release|Any CPU
		{A5427F56-C64C-4D4C-8CBE-00B80E40066B}.Release|Any CPU.Build.0 = Release|Any CPU
		{6C2DAB5D-344B-46BC-9BF2-80B01EBF59EE}.Debug|Any CPU.ActiveCfg = Debug|Any CPU
		{6C2DAB5D-344B-46BC-9BF2-80B01EBF59EE}.Debug|Any CPU.Build.0 = Debug|Any CPU
		{6C2DAB5D-344B-46BC-9BF2-80B01EBF59EE}.Release|Any CPU.ActiveCfg = Release|Any CPU
		{6C2DAB5D-344B-46BC-9BF2-80B01EBF59EE}.Release|Any CPU.Build.0 = Release|Any CPU
		{1747F656-80B6-4065-9F3C-A27A4761BFCC}.Debug|Any CPU.ActiveCfg = Debug|Any CPU
		{1747F656-80B6-4065-9F3C-A27A4761BFCC}.Debug|Any CPU.Build.0 = Debug|Any CPU
		{1747F656-80B6-4065-9F3C-A27A4761BFCC}.Release|Any CPU.ActiveCfg = Release|Any CPU
		{1747F656-80B6-4065-9F3C-A27A4761BFCC}.Release|Any CPU.Build.0 = Release|Any CPU
		{4F3D888B-F9BF-4E06-BBD7-3F81627E0C2B}.Debug|Any CPU.ActiveCfg = Debug|Any CPU
		{4F3D888B-F9BF-4E06-BBD7-3F81627E0C2B}.Debug|Any CPU.Build.0 = Debug|Any CPU
		{4F3D888B-F9BF-4E06-BBD7-3F81627E0C2B}.Release|Any CPU.ActiveCfg = Release|Any CPU
		{4F3D888B-F9BF-4E06-BBD7-3F81627E0C2B}.Release|Any CPU.Build.0 = Release|Any CPU
		{2F3BC7FB-4CAD-403F-AE71-CA98978ED6B4}.Debug|Any CPU.ActiveCfg = Debug|Any CPU
		{2F3BC7FB-4CAD-403F-AE71-CA98978ED6B4}.Debug|Any CPU.Build.0 = Debug|Any CPU
		{2F3BC7FB-4CAD-403F-AE71-CA98978ED6B4}.Release|Any CPU.ActiveCfg = Release|Any CPU
		{2F3BC7FB-4CAD-403F-AE71-CA98978ED6B4}.Release|Any CPU.Build.0 = Release|Any CPU
		{67713513-3A73-42FA-A0F3-A96832BA931C}.Debug|Any CPU.ActiveCfg = Debug|Any CPU
		{67713513-3A73-42FA-A0F3-A96832BA931C}.Debug|Any CPU.Build.0 = Debug|Any CPU
		{67713513-3A73-42FA-A0F3-A96832BA931C}.Release|Any CPU.ActiveCfg = Release|Any CPU
		{67713513-3A73-42FA-A0F3-A96832BA931C}.Release|Any CPU.Build.0 = Release|Any CPU
		{4D1AF3BF-0A56-4178-8849-FB30402BEB75}.Debug|Any CPU.ActiveCfg = Debug|Any CPU
		{4D1AF3BF-0A56-4178-8849-FB30402BEB75}.Debug|Any CPU.Build.0 = Debug|Any CPU
		{4D1AF3BF-0A56-4178-8849-FB30402BEB75}.Release|Any CPU.ActiveCfg = Release|Any CPU
		{4D1AF3BF-0A56-4178-8849-FB30402BEB75}.Release|Any CPU.Build.0 = Release|Any CPU
		{A01EA570-BAEF-4629-B57C-D4E918D6FF53}.Debug|Any CPU.ActiveCfg = Debug|Any CPU
		{A01EA570-BAEF-4629-B57C-D4E918D6FF53}.Debug|Any CPU.Build.0 = Debug|Any CPU
		{A01EA570-BAEF-4629-B57C-D4E918D6FF53}.Release|Any CPU.ActiveCfg = Release|Any CPU
		{A01EA570-BAEF-4629-B57C-D4E918D6FF53}.Release|Any CPU.Build.0 = Release|Any CPU
		{CE86C827-15C0-44E6-83BB-74C23316B2F6}.Debug|Any CPU.ActiveCfg = Debug|Any CPU
		{CE86C827-15C0-44E6-83BB-74C23316B2F6}.Debug|Any CPU.Build.0 = Debug|Any CPU
		{CE86C827-15C0-44E6-83BB-74C23316B2F6}.Release|Any CPU.ActiveCfg = Release|Any CPU
		{CE86C827-15C0-44E6-83BB-74C23316B2F6}.Release|Any CPU.Build.0 = Release|Any CPU
		{F9135A48-6537-4899-9011-37CF566F49D2}.Debug|Any CPU.ActiveCfg = Debug|Any CPU
		{F9135A48-6537-4899-9011-37CF566F49D2}.Debug|Any CPU.Build.0 = Debug|Any CPU
		{F9135A48-6537-4899-9011-37CF566F49D2}.Release|Any CPU.ActiveCfg = Release|Any CPU
		{F9135A48-6537-4899-9011-37CF566F49D2}.Release|Any CPU.Build.0 = Release|Any CPU
		{A4B1AE99-0520-4891-9035-D87FD41A9596}.Debug|Any CPU.ActiveCfg = Debug|Any CPU
		{A4B1AE99-0520-4891-9035-D87FD41A9596}.Debug|Any CPU.Build.0 = Debug|Any CPU
		{A4B1AE99-0520-4891-9035-D87FD41A9596}.Release|Any CPU.ActiveCfg = Release|Any CPU
		{A4B1AE99-0520-4891-9035-D87FD41A9596}.Release|Any CPU.Build.0 = Release|Any CPU
		{A6FC8460-6F7F-4834-BC48-68C0A75B54E1}.Debug|Any CPU.ActiveCfg = Debug|Any CPU
		{A6FC8460-6F7F-4834-BC48-68C0A75B54E1}.Debug|Any CPU.Build.0 = Debug|Any CPU
		{A6FC8460-6F7F-4834-BC48-68C0A75B54E1}.Release|Any CPU.ActiveCfg = Release|Any CPU
		{A6FC8460-6F7F-4834-BC48-68C0A75B54E1}.Release|Any CPU.Build.0 = Release|Any CPU
		{FA5828E0-4674-4568-A0C4-01A2C247DFAD}.Debug|Any CPU.ActiveCfg = Debug|Any CPU
		{FA5828E0-4674-4568-A0C4-01A2C247DFAD}.Debug|Any CPU.Build.0 = Debug|Any CPU
		{FA5828E0-4674-4568-A0C4-01A2C247DFAD}.Release|Any CPU.ActiveCfg = Release|Any CPU
		{FA5828E0-4674-4568-A0C4-01A2C247DFAD}.Release|Any CPU.Build.0 = Release|Any CPU
		{6640B439-AE49-4E3D-9B8F-5C7179F3143C}.Debug|Any CPU.ActiveCfg = Debug|Any CPU
		{6640B439-AE49-4E3D-9B8F-5C7179F3143C}.Debug|Any CPU.Build.0 = Debug|Any CPU
		{6640B439-AE49-4E3D-9B8F-5C7179F3143C}.Release|Any CPU.ActiveCfg = Release|Any CPU
		{6640B439-AE49-4E3D-9B8F-5C7179F3143C}.Release|Any CPU.Build.0 = Release|Any CPU
		{FDA0DAC1-12D2-41EC-8DCE-2B8211CC09A0}.Debug|Any CPU.ActiveCfg = Debug|Any CPU
		{FDA0DAC1-12D2-41EC-8DCE-2B8211CC09A0}.Debug|Any CPU.Build.0 = Debug|Any CPU
		{FDA0DAC1-12D2-41EC-8DCE-2B8211CC09A0}.Release|Any CPU.ActiveCfg = Release|Any CPU
		{FDA0DAC1-12D2-41EC-8DCE-2B8211CC09A0}.Release|Any CPU.Build.0 = Release|Any CPU
		{68CF91D9-8BB4-486B-975D-85DE4C714FD4}.Debug|Any CPU.ActiveCfg = Debug|Any CPU
		{68CF91D9-8BB4-486B-975D-85DE4C714FD4}.Debug|Any CPU.Build.0 = Debug|Any CPU
		{68CF91D9-8BB4-486B-975D-85DE4C714FD4}.Release|Any CPU.ActiveCfg = Release|Any CPU
		{68CF91D9-8BB4-486B-975D-85DE4C714FD4}.Release|Any CPU.Build.0 = Release|Any CPU
		{08AF8172-F669-4D97-9C7F-D735DE3F2399}.Debug|Any CPU.ActiveCfg = Debug|Any CPU
		{08AF8172-F669-4D97-9C7F-D735DE3F2399}.Debug|Any CPU.Build.0 = Debug|Any CPU
		{08AF8172-F669-4D97-9C7F-D735DE3F2399}.Release|Any CPU.ActiveCfg = Release|Any CPU
		{08AF8172-F669-4D97-9C7F-D735DE3F2399}.Release|Any CPU.Build.0 = Release|Any CPU
		{6B2AFE3C-009A-4BC6-BAE9-9F8DBA939F9C}.Debug|Any CPU.ActiveCfg = Debug|Any CPU
		{6B2AFE3C-009A-4BC6-BAE9-9F8DBA939F9C}.Debug|Any CPU.Build.0 = Debug|Any CPU
		{6B2AFE3C-009A-4BC6-BAE9-9F8DBA939F9C}.Release|Any CPU.ActiveCfg = Release|Any CPU
		{6B2AFE3C-009A-4BC6-BAE9-9F8DBA939F9C}.Release|Any CPU.Build.0 = Release|Any CPU
		{D5D4D097-6880-469F-AEDD-D65F3F7819EB}.Debug|Any CPU.ActiveCfg = Debug|Any CPU
		{D5D4D097-6880-469F-AEDD-D65F3F7819EB}.Debug|Any CPU.Build.0 = Debug|Any CPU
		{D5D4D097-6880-469F-AEDD-D65F3F7819EB}.Release|Any CPU.ActiveCfg = Release|Any CPU
		{D5D4D097-6880-469F-AEDD-D65F3F7819EB}.Release|Any CPU.Build.0 = Release|Any CPU
		{26E3BF9D-2339-4DFB-9CFE-89B29BC2A7E6}.Debug|Any CPU.ActiveCfg = Debug|Any CPU
		{26E3BF9D-2339-4DFB-9CFE-89B29BC2A7E6}.Debug|Any CPU.Build.0 = Debug|Any CPU
		{26E3BF9D-2339-4DFB-9CFE-89B29BC2A7E6}.Release|Any CPU.ActiveCfg = Release|Any CPU
		{26E3BF9D-2339-4DFB-9CFE-89B29BC2A7E6}.Release|Any CPU.Build.0 = Release|Any CPU
	EndGlobalSection
	GlobalSection(NestedProjects) = preSolution
		{A5427F56-C64C-4D4C-8CBE-00B80E40066B} = {10A49D91-CABE-4E17-BA4D-973002BC9245}
		{6C2DAB5D-344B-46BC-9BF2-80B01EBF59EE} = {10A49D91-CABE-4E17-BA4D-973002BC9245}
		{1747F656-80B6-4065-9F3C-A27A4761BFCC} = {1AA7D85F-4284-49CA-AD95-7C6F44046B77}
		{4F3D888B-F9BF-4E06-BBD7-3F81627E0C2B} = {1AA7D85F-4284-49CA-AD95-7C6F44046B77}
		{2F3BC7FB-4CAD-403F-AE71-CA98978ED6B4} = {D14F5050-431B-4DC0-A314-F0ED265B1508}
		{67713513-3A73-42FA-A0F3-A96832BA931C} = {D14F5050-431B-4DC0-A314-F0ED265B1508}
		{4D1AF3BF-0A56-4178-8849-FB30402BEB75} = {2DC48113-EE53-4C45-B171-29A6492AFF5B}
		{A01EA570-BAEF-4629-B57C-D4E918D6FF53} = {2DC48113-EE53-4C45-B171-29A6492AFF5B}
		{CE86C827-15C0-44E6-83BB-74C23316B2F6} = {5E5A2734-02FF-4ABE-B0FE-CC94EC81C721}
		{F9135A48-6537-4899-9011-37CF566F49D2} = {5E5A2734-02FF-4ABE-B0FE-CC94EC81C721}
		{A4B1AE99-0520-4891-9035-D87FD41A9596} = {CC00DA0A-485E-4665-BE9E-E0424816E4A5}
		{A6FC8460-6F7F-4834-BC48-68C0A75B54E1} = {CC00DA0A-485E-4665-BE9E-E0424816E4A5}
		{FA5828E0-4674-4568-A0C4-01A2C247DFAD} = {76A13666-A34A-4BB0-8D43-2B0DA7C25BAE}
		{6640B439-AE49-4E3D-9B8F-5C7179F3143C} = {76A13666-A34A-4BB0-8D43-2B0DA7C25BAE}
		{FDA0DAC1-12D2-41EC-8DCE-2B8211CC09A0} = {49A6972F-34A0-427A-90BA-6B5FFC8C237B}
		{68CF91D9-8BB4-486B-975D-85DE4C714FD4} = {49A6972F-34A0-427A-90BA-6B5FFC8C237B}
		{08AF8172-F669-4D97-9C7F-D735DE3F2399} = {EAA3DC0D-F5C3-4D9E-957A-E67FD8B0E7F3}
		{6B2AFE3C-009A-4BC6-BAE9-9F8DBA939F9C} = {EAA3DC0D-F5C3-4D9E-957A-E67FD8B0E7F3}
		{D5D4D097-6880-469F-AEDD-D65F3F7819EB} = {6770BA56-3C08-424F-B900-BA31FED517F6}
		{26E3BF9D-2339-4DFB-9CFE-89B29BC2A7E6} = {6770BA56-3C08-424F-B900-BA31FED517F6}
	EndGlobalSection
EndGlobal
