
Microsoft Visual Studio Solution File, Format Version 12.00
# Visual Studio Version 17
VisualStudioVersion = 17.0.31903.59
MinimumVisualStudioVersion = 10.0.40219.1
Project("{2150E333-8FDC-42A3-9474-1A3956D46DE8}") = "Day1", "Day1", "{10A49D91-CABE-4E17-BA4D-973002BC9245}"
EndProject
Project("{FAE04EC0-301F-11D3-BF4B-00C04F79EFBC}") = "Day1.Logic", "Day1\Day1.Logic\Day1.Logic.csproj", "{A5427F56-C64C-4D4C-8CBE-00B80E40066B}"
EndProject
Project("{FAE04EC0-301F-11D3-BF4B-00C04F79EFBC}") = "Day1.UnitTests", "Day1\Day1.UnitTests\Day1.UnitTests.csproj", "{6C2DAB5D-344B-46BC-9BF2-80B01EBF59EE}"
EndProject
Project("{2150E333-8FDC-42A3-9474-1A3956D46DE8}") = "Day2", "Day2", "{1AA7D85F-4284-49CA-AD95-7C6F44046B77}"
EndProject
Project("{FAE04EC0-301F-11D3-BF4B-00C04F79EFBC}") = "Day2.Logic", "Day2\Day2.Logic\Day2.Logic.csproj", "{1747F656-80B6-4065-9F3C-A27A4761BFCC}"
EndProject
Project("{FAE04EC0-301F-11D3-BF4B-00C04F79EFBC}") = "Day2.UnitTests", "Day2\Day2.UnitTests\Day2.UnitTests.csproj", "{4F3D888B-F9BF-4E06-BBD7-3F81627E0C2B}"
EndProject
Project("{2150E333-8FDC-42A3-9474-1A3956D46DE8}") = "Day3", "Day3", "{D14F5050-431B-4DC0-A314-F0ED265B1508}"
EndProject
Project("{FAE04EC0-301F-11D3-BF4B-00C04F79EFBC}") = "Day3.Logic", "Day3\Day3.Logic\Day3.Logic.csproj", "{2F3BC7FB-4CAD-403F-AE71-CA98978ED6B4}"
EndProject
Project("{FAE04EC0-301F-11D3-BF4B-00C04F79EFBC}") = "Day3.UnitTests", "Day3\Day3.UnitTests\Day3.UnitTests.csproj", "{67713513-3A73-42FA-A0F3-A96832BA931C}"
EndProject
Project("{2150E333-8FDC-42A3-9474-1A3956D46DE8}") = "Day4", "Day4", "{2DC48113-EE53-4C45-B171-29A6492AFF5B}"
EndProject
Project("{FAE04EC0-301F-11D3-BF4B-00C04F79EFBC}") = "Day4.Logic", "Day4\Day4.Logic\Day4.Logic.csproj", "{4D1AF3BF-0A56-4178-8849-FB30402BEB75}"
EndProject
Project("{FAE04EC0-301F-11D3-BF4B-00C04F79EFBC}") = "Day4.UnitTests", "Day4\Day4.UnitTests\Day4.UnitTests.csproj", "{A01EA570-BAEF-4629-B57C-D4E918D6FF53}"
EndProject
Global
	GlobalSection(SolutionConfigurationPlatforms) = preSolution
		Debug|Any CPU = Debug|Any CPU
		Release|Any CPU = Release|Any CPU
	EndGlobalSection
	GlobalSection(SolutionProperties) = preSolution
		HideSolutionNode = FALSE
	EndGlobalSection
	GlobalSection(ProjectConfigurationPlatforms) = postSolution
		{A5427F56-C64C-4D4C-8CBE-00B80E40066B}.Debug|Any CPU.ActiveCfg = Debug|Any CPU
		{A5427F56-C64C-4D4C-8CBE-00B80E40066B}.Debug|Any CPU.Build.0 = Debug|Any CPU
		{A5427F56-C64C-4D4C-8CBE-00B80E40066B}.Release|Any CPU.ActiveCfg = Release|Any CPU
		{A5427F56-C64C-4D4C-8CBE-00B80E40066B}.Release|Any CPU.Build.0 = Release|Any CPU
		{6C2DAB5D-344B-46BC-9BF2-80B01EBF59EE}.Debug|Any CPU.ActiveCfg = Debug|Any CPU
		{6C2DAB5D-344B-46BC-9BF2-80B01EBF59EE}.Debug|Any CPU.Build.0 = Debug|Any CPU
		{6C2DAB5D-344B-46BC-9BF2-80B01EBF59EE}.Release|Any CPU.ActiveCfg = Release|Any CPU
		{6C2DAB5D-344B-46BC-9BF2-80B01EBF59EE}.Release|Any CPU.Build.0 = Release|Any CPU
		{1747F656-80B6-4065-9F3C-A27A4761BFCC}.Debug|Any CPU.ActiveCfg = Debug|Any CPU
		{1747F656-80B6-4065-9F3C-A27A4761BFCC}.Debug|Any CPU.Build.0 = Debug|Any CPU
		{1747F656-80B6-4065-9F3C-A27A4761BFCC}.Release|Any CPU.ActiveCfg = Release|Any CPU
		{1747F656-80B6-4065-9F3C-A27A4761BFCC}.Release|Any CPU.Build.0 = Release|Any CPU
		{4F3D888B-F9BF-4E06-BBD7-3F81627E0C2B}.Debug|Any CPU.ActiveCfg = Debug|Any CPU
		{4F3D888B-F9BF-4E06-BBD7-3F81627E0C2B}.Debug|Any CPU.Build.0 = Debug|Any CPU
		{4F3D888B-F9BF-4E06-BBD7-3F81627E0C2B}.Release|Any CPU.ActiveCfg = Release|Any CPU
		{4F3D888B-F9BF-4E06-BBD7-3F81627E0C2B}.Release|Any CPU.Build.0 = Release|Any CPU
		{2F3BC7FB-4CAD-403F-AE71-CA98978ED6B4}.Debug|Any CPU.ActiveCfg = Debug|Any CPU
		{2F3BC7FB-4CAD-403F-AE71-CA98978ED6B4}.Debug|Any CPU.Build.0 = Debug|Any CPU
		{2F3BC7FB-4CAD-403F-AE71-CA98978ED6B4}.Release|Any CPU.ActiveCfg = Release|Any CPU
		{2F3BC7FB-4CAD-403F-AE71-CA98978ED6B4}.Release|Any CPU.Build.0 = Release|Any CPU
		{67713513-3A73-42FA-A0F3-A96832BA931C}.Debug|Any CPU.ActiveCfg = Debug|Any CPU
		{67713513-3A73-42FA-A0F3-A96832BA931C}.Debug|Any CPU.Build.0 = Debug|Any CPU
		{67713513-3A73-42FA-A0F3-A96832BA931C}.Release|Any CPU.ActiveCfg = Release|Any CPU
		{67713513-3A73-42FA-A0F3-A96832BA931C}.Release|Any CPU.Build.0 = Release|Any CPU
		{4D1AF3BF-0A56-4178-8849-FB30402BEB75}.Debug|Any CPU.ActiveCfg = Debug|Any CPU
		{4D1AF3BF-0A56-4178-8849-FB30402BEB75}.Debug|Any CPU.Build.0 = Debug|Any CPU
		{4D1AF3BF-0A56-4178-8849-FB30402BEB75}.Release|Any CPU.ActiveCfg = Release|Any CPU
		{4D1AF3BF-0A56-4178-8849-FB30402BEB75}.Release|Any CPU.Build.0 = Release|Any CPU
		{A01EA570-BAEF-4629-B57C-D4E918D6FF53}.Debug|Any CPU.ActiveCfg = Debug|Any CPU
		{A01EA570-BAEF-4629-B57C-D4E918D6FF53}.Debug|Any CPU.Build.0 = Debug|Any CPU
		{A01EA570-BAEF-4629-B57C-D4E918D6FF53}.Release|Any CPU.ActiveCfg = Release|Any CPU
		{A01EA570-BAEF-4629-B57C-D4E918D6FF53}.Release|Any CPU.Build.0 = Release|Any CPU
	EndGlobalSection
	GlobalSection(NestedProjects) = preSolution
		{A5427F56-C64C-4D4C-8CBE-00B80E40066B} = {10A49D91-CABE-4E17-BA4D-973002BC9245}
		{6C2DAB5D-344B-46BC-9BF2-80B01EBF59EE} = {10A49D91-CABE-4E17-BA4D-973002BC9245}
		{1747F656-80B6-4065-9F3C-A27A4761BFCC} = {1AA7D85F-4284-49CA-AD95-7C6F44046B77}
		{4F3D888B-F9BF-4E06-BBD7-3F81627E0C2B} = {1AA7D85F-4284-49CA-AD95-7C6F44046B77}
		{2F3BC7FB-4CAD-403F-AE71-CA98978ED6B4} = {D14F5050-431B-4DC0-A314-F0ED265B1508}
		{67713513-3A73-42FA-A0F3-A96832BA931C} = {D14F5050-431B-4DC0-A314-F0ED265B1508}
		{4D1AF3BF-0A56-4178-8849-FB30402BEB75} = {2DC48113-EE53-4C45-B171-29A6492AFF5B}
		{A01EA570-BAEF-4629-B57C-D4E918D6FF53} = {2DC48113-EE53-4C45-B171-29A6492AFF5B}
	EndGlobalSection
EndGlobal
