
Microsoft Visual Studio Solution File, Format Version 12.00
# Visual Studio Version 17
VisualStudioVersion = 17.0.31903.59
MinimumVisualStudioVersion = 10.0.40219.1
Project("{FAE04EC0-301F-11D3-BF4B-00C04F79EFBC}") = "Day16.Logic", "Day16.Logic\Day16.Logic.csproj", "{41CA418D-F232-4D53-99B0-A06AD79FFA14}"
EndProject
Project("{FAE04EC0-301F-11D3-BF4B-00C04F79EFBC}") = "Day16.UnitTests", "Day16.UnitTests\Day16.UnitTests.csproj", "{54876C12-2C41-4E5C-884E-3DE02CD97BE4}"
EndProject
Global
	GlobalSection(SolutionConfigurationPlatforms) = preSolution
		Debug|Any CPU = Debug|Any CPU
		Release|Any CPU = Release|Any CPU
	EndGlobalSection
	GlobalSection(SolutionProperties) = preSolution
		HideSolutionNode = FALSE
	EndGlobalSection
	GlobalSection(ProjectConfigurationPlatforms) = postSolution
		{41CA418D-F232-4D53-99B0-A06AD79FFA14}.Debug|Any CPU.ActiveCfg = Debug|Any CPU
		{41CA418D-F232-4D53-99B0-A06AD79FFA14}.Debug|Any CPU.Build.0 = Debug|Any CPU
		{41CA418D-F232-4D53-99B0-A06AD79FFA14}.Release|Any CPU.ActiveCfg = Release|Any CPU
		{41CA418D-F232-4D53-99B0-A06AD79FFA14}.Release|Any CPU.Build.0 = Release|Any CPU
		{54876C12-2C41-4E5C-884E-3DE02CD97BE4}.Debug|Any CPU.ActiveCfg = Debug|Any CPU
		{54876C12-2C41-4E5C-884E-3DE02CD97BE4}.Debug|Any CPU.Build.0 = Debug|Any CPU
		{54876C12-2C41-4E5C-884E-3DE02CD97BE4}.Release|Any CPU.ActiveCfg = Release|Any CPU
		{54876C12-2C41-4E5C-884E-3DE02CD97BE4}.Release|Any CPU.Build.0 = Release|Any CPU
	EndGlobalSection
EndGlobal
