
Microsoft Visual Studio Solution File, Format Version 12.00
# Visual Studio Version 17
VisualStudioVersion = 17.0.31903.59
MinimumVisualStudioVersion = 10.0.40219.1
Project("{FAE04EC0-301F-11D3-BF4B-00C04F79EFBC}") = "Day1.Logic", "Day1.Logic\Day1.Logic.csproj", "{6536353C-7B05-4EA9-9BD1-3DFA3F9F70FB}"
EndProject
Project("{FAE04EC0-301F-11D3-BF4B-00C04F79EFBC}") = "Day1.UnitTests", "Day1.UnitTests\Day1.UnitTests.csproj", "{5352D465-979B-4DAD-82CE-5F7CED365DC3}"
EndProject
Global
	GlobalSection(SolutionConfigurationPlatforms) = preSolution
		Debug|Any CPU = Debug|Any CPU
		Release|Any CPU = Release|Any CPU
	EndGlobalSection
	GlobalSection(SolutionProperties) = preSolution
		HideSolutionNode = FALSE
	EndGlobalSection
	GlobalSection(ProjectConfigurationPlatforms) = postSolution
		{6536353C-7B05-4EA9-9BD1-3DFA3F9F70FB}.Debug|Any CPU.ActiveCfg = Debug|Any CPU
		{6536353C-7B05-4EA9-9BD1-3DFA3F9F70FB}.Debug|Any CPU.Build.0 = Debug|Any CPU
		{6536353C-7B05-4EA9-9BD1-3DFA3F9F70FB}.Release|Any CPU.ActiveCfg = Release|Any CPU
		{6536353C-7B05-4EA9-9BD1-3DFA3F9F70FB}.Release|Any CPU.Build.0 = Release|Any CPU
		{5352D465-979B-4DAD-82CE-5F7CED365DC3}.Debug|Any CPU.ActiveCfg = Debug|Any CPU
		{5352D465-979B-4DAD-82CE-5F7CED365DC3}.Debug|Any CPU.Build.0 = Debug|Any CPU
		{5352D465-979B-4DAD-82CE-5F7CED365DC3}.Release|Any CPU.ActiveCfg = Release|Any CPU
		{5352D465-979B-4DAD-82CE-5F7CED365DC3}.Release|Any CPU.Build.0 = Release|Any CPU
	EndGlobalSection
EndGlobal
