
Microsoft Visual Studio Solution File, Format Version 12.00
# Visual Studio Version 17
VisualStudioVersion = 17.0.31903.59
MinimumVisualStudioVersion = 10.0.40219.1
Project("{FAE04EC0-301F-11D3-BF4B-00C04F79EFBC}") = "Day20.Logic", "Day20.Logic\Day20.Logic.csproj", "{B13D16CB-E7F6-4330-BD8A-C2DEC9A80A88}"
EndProject
Project("{FAE04EC0-301F-11D3-BF4B-00C04F79EFBC}") = "Day20.UnitTests", "Day20.UnitTests\Day20.UnitTests.csproj", "{D3BB9D3E-FE91-4F02-91B0-91634E5410BD}"
EndProject
Global
	GlobalSection(SolutionConfigurationPlatforms) = preSolution
		Debug|Any CPU = Debug|Any CPU
		Release|Any CPU = Release|Any CPU
	EndGlobalSection
	GlobalSection(SolutionProperties) = preSolution
		HideSolutionNode = FALSE
	EndGlobalSection
	GlobalSection(ProjectConfigurationPlatforms) = postSolution
		{B13D16CB-E7F6-4330-BD8A-C2DEC9A80A88}.Debug|Any CPU.ActiveCfg = Debug|Any CPU
		{B13D16CB-E7F6-4330-BD8A-C2DEC9A80A88}.Debug|Any CPU.Build.0 = Debug|Any CPU
		{B13D16CB-E7F6-4330-BD8A-C2DEC9A80A88}.Release|Any CPU.ActiveCfg = Release|Any CPU
		{B13D16CB-E7F6-4330-BD8A-C2DEC9A80A88}.Release|Any CPU.Build.0 = Release|Any CPU
		{D3BB9D3E-FE91-4F02-91B0-91634E5410BD}.Debug|Any CPU.ActiveCfg = Debug|Any CPU
		{D3BB9D3E-FE91-4F02-91B0-91634E5410BD}.Debug|Any CPU.Build.0 = Debug|Any CPU
		{D3BB9D3E-FE91-4F02-91B0-91634E5410BD}.Release|Any CPU.ActiveCfg = Release|Any CPU
		{D3BB9D3E-FE91-4F02-91B0-91634E5410BD}.Release|Any CPU.Build.0 = Release|Any CPU
	EndGlobalSection
EndGlobal
