
Microsoft Visual Studio Solution File, Format Version 12.00
# Visual Studio Version 17
VisualStudioVersion = 17.0.31903.59
MinimumVisualStudioVersion = 10.0.40219.1
Project("{FAE04EC0-301F-11D3-BF4B-00C04F79EFBC}") = "Day13.Logic", "Day13.Logic\Day13.Logic.csproj", "{79A7B770-073B-4DF6-9C3A-CF1564161174}"
EndProject
Project("{FAE04EC0-301F-11D3-BF4B-00C04F79EFBC}") = "Day13.UnitTests", "Day13.UnitTests\Day13.UnitTests.csproj", "{0D7AA6DC-EE99-4491-B47D-F15C5CDD7BF2}"
EndProject
Global
	GlobalSection(SolutionConfigurationPlatforms) = preSolution
		Debug|Any CPU = Debug|Any CPU
		Release|Any CPU = Release|Any CPU
	EndGlobalSection
	GlobalSection(SolutionProperties) = preSolution
		HideSolutionNode = FALSE
	EndGlobalSection
	GlobalSection(ProjectConfigurationPlatforms) = postSolution
		{79A7B770-073B-4DF6-9C3A-CF1564161174}.Debug|Any CPU.ActiveCfg = Debug|Any CPU
		{79A7B770-073B-4DF6-9C3A-CF1564161174}.Debug|Any CPU.Build.0 = Debug|Any CPU
		{79A7B770-073B-4DF6-9C3A-CF1564161174}.Release|Any CPU.ActiveCfg = Release|Any CPU
		{79A7B770-073B-4DF6-9C3A-CF1564161174}.Release|Any CPU.Build.0 = Release|Any CPU
		{0D7AA6DC-EE99-4491-B47D-F15C5CDD7BF2}.Debug|Any CPU.ActiveCfg = Debug|Any CPU
		{0D7AA6DC-EE99-4491-B47D-F15C5CDD7BF2}.Debug|Any CPU.Build.0 = Debug|Any CPU
		{0D7AA6DC-EE99-4491-B47D-F15C5CDD7BF2}.Release|Any CPU.ActiveCfg = Release|Any CPU
		{0D7AA6DC-EE99-4491-B47D-F15C5CDD7BF2}.Release|Any CPU.Build.0 = Release|Any CPU
	EndGlobalSection
EndGlobal
