
Microsoft Visual Studio Solution File, Format Version 12.00
# Visual Studio Version 17
VisualStudioVersion = 17.0.31903.59
MinimumVisualStudioVersion = 10.0.40219.1
Project("{FAE04EC0-301F-11D3-BF4B-00C04F79EFBC}") = "Day4.Logic", "Day4.Logic\Day4.Logic.csproj", "{4D2833BC-BC13-483F-B245-74CE41E207ED}"
EndProject
Project("{FAE04EC0-301F-11D3-BF4B-00C04F79EFBC}") = "Day4.UnitTests", "Day4.UnitTests\Day4.UnitTests.csproj", "{3309D289-1E10-4B82-AA81-334489231FAE}"
EndProject
Global
	GlobalSection(SolutionConfigurationPlatforms) = preSolution
		Debug|Any CPU = Debug|Any CPU
		Release|Any CPU = Release|Any CPU
	EndGlobalSection
	GlobalSection(SolutionProperties) = preSolution
		HideSolutionNode = FALSE
	EndGlobalSection
	GlobalSection(ProjectConfigurationPlatforms) = postSolution
		{4D2833BC-BC13-483F-B245-74CE41E207ED}.Debug|Any CPU.ActiveCfg = Debug|Any CPU
		{4D2833BC-BC13-483F-B245-74CE41E207ED}.Debug|Any CPU.Build.0 = Debug|Any CPU
		{4D2833BC-BC13-483F-B245-74CE41E207ED}.Release|Any CPU.ActiveCfg = Release|Any CPU
		{4D2833BC-BC13-483F-B245-74CE41E207ED}.Release|Any CPU.Build.0 = Release|Any CPU
		{3309D289-1E10-4B82-AA81-334489231FAE}.Debug|Any CPU.ActiveCfg = Debug|Any CPU
		{3309D289-1E10-4B82-AA81-334489231FAE}.Debug|Any CPU.Build.0 = Debug|Any CPU
		{3309D289-1E10-4B82-AA81-334489231FAE}.Release|Any CPU.ActiveCfg = Release|Any CPU
		{3309D289-1E10-4B82-AA81-334489231FAE}.Release|Any CPU.Build.0 = Release|Any CPU
	EndGlobalSection
EndGlobal
