
Microsoft Visual Studio Solution File, Format Version 12.00
# Visual Studio Version 17
VisualStudioVersion = 17.0.31903.59
MinimumVisualStudioVersion = 10.0.40219.1
Project("{FAE04EC0-301F-11D3-BF4B-00C04F79EFBC}") = "Day18.Logic", "Day18.Logic\Day18.Logic.csproj", "{C9AEEF85-87DE-4E21-831D-4B02CB351EC0}"
EndProject
Project("{FAE04EC0-301F-11D3-BF4B-00C04F79EFBC}") = "Day18.UnitTests", "Day18.UnitTests\Day18.UnitTests.csproj", "{5EC98A51-D520-4CA1-BAA4-BDD98BA028E2}"
EndProject
Global
	GlobalSection(SolutionConfigurationPlatforms) = preSolution
		Debug|Any CPU = Debug|Any CPU
		Release|Any CPU = Release|Any CPU
	EndGlobalSection
	GlobalSection(SolutionProperties) = preSolution
		HideSolutionNode = FALSE
	EndGlobalSection
	GlobalSection(ProjectConfigurationPlatforms) = postSolution
		{C9AEEF85-87DE-4E21-831D-4B02CB351EC0}.Debug|Any CPU.ActiveCfg = Debug|Any CPU
		{C9AEEF85-87DE-4E21-831D-4B02CB351EC0}.Debug|Any CPU.Build.0 = Debug|Any CPU
		{C9AEEF85-87DE-4E21-831D-4B02CB351EC0}.Release|Any CPU.ActiveCfg = Release|Any CPU
		{C9AEEF85-87DE-4E21-831D-4B02CB351EC0}.Release|Any CPU.Build.0 = Release|Any CPU
		{5EC98A51-D520-4CA1-BAA4-BDD98BA028E2}.Debug|Any CPU.ActiveCfg = Debug|Any CPU
		{5EC98A51-D520-4CA1-BAA4-BDD98BA028E2}.Debug|Any CPU.Build.0 = Debug|Any CPU
		{5EC98A51-D520-4CA1-BAA4-BDD98BA028E2}.Release|Any CPU.ActiveCfg = Release|Any CPU
		{5EC98A51-D520-4CA1-BAA4-BDD98BA028E2}.Release|Any CPU.Build.0 = Release|Any CPU
	EndGlobalSection
EndGlobal
